// !$*UTF8*$!
{
	archiveVersion = 1;
	classes = {
	};
	objectVersion = 46;
	objects = {

/* Begin PBXBuildFile section */
		98B9070B1D34908000878F20 /* AppDelegate.swift in Sources */ = {isa = PBXBuildFile; fileRef = 98B9070A1D34908000878F20 /* AppDelegate.swift */; };
		98B9070D1D34908000878F20 /* ViewController.swift in Sources */ = {isa = PBXBuildFile; fileRef = 98B9070C1D34908000878F20 /* ViewController.swift */; };
		98B907101D34908000878F20 /* Main.storyboard in Resources */ = {isa = PBXBuildFile; fileRef = 98B9070E1D34908000878F20 /* Main.storyboard */; };
		98B907121D34908000878F20 /* Assets.xcassets in Resources */ = {isa = PBXBuildFile; fileRef = 98B907111D34908000878F20 /* Assets.xcassets */; };
		98B907151D34908000878F20 /* LaunchScreen.storyboard in Resources */ = {isa = PBXBuildFile; fileRef = 98B907131D34908000878F20 /* LaunchScreen.storyboard */; };
		98B9072A1D34986400878F20 /* Ecstasy.mp3 in Resources */ = {isa = PBXBuildFile; fileRef = 98B907291D34986400878F20 /* Ecstasy.mp3 */; };
/* End PBXBuildFile section */

/* Begin PBXFileReference section */
		98B907071D34908000878F20 /* swift08 randomColorization.app */ = {isa = PBXFileReference; explicitFileType = wrapper.application; includeInIndex = 0; path = "swift08 randomColorization.app"; sourceTree = BUILT_PRODUCTS_DIR; };
		98B9070A1D34908000878F20 /* AppDelegate.swift */ = {isa = PBXFileReference; lastKnownFileType = sourcecode.swift; path = AppDelegate.swift; sourceTree = "<group>"; };
		98B9070C1D34908000878F20 /* ViewController.swift */ = {isa = PBXFileReference; lastKnownFileType = sourcecode.swift; path = ViewController.swift; sourceTree = "<group>"; };
		98B9070F1D34908000878F20 /* Base */ = {isa = PBXFileReference; lastKnownFileType = file.storyboard; name = Base; path = Base.lproj/Main.storyboard; sourceTree = "<group>"; };
		98B907111D34908000878F20 /* Assets.xcassets */ = {isa = PBXFileReference; lastKnownFileType = folder.assetcatalog; path = Assets.xcassets; sourceTree = "<group>"; };
		98B907141D34908000878F20 /* Base */ = {isa = PBXFileReference; lastKnownFileType = file.storyboard; name = Base; path = Base.lproj/LaunchScreen.storyboard; sourceTree = "<group>"; };
		98B907161D34908000878F20 /* Info.plist */ = {isa = PBXFileReference; lastKnownFileType = text.plist.xml; path = Info.plist; sourceTree = "<group>"; };
		98B907291D34986400878F20 /* Ecstasy.mp3 */ = {isa = PBXFileReference; lastKnownFileType = audio.mp3; path = Ecstasy.mp3; sourceTree = "<group>"; };
/* End PBXFileReference section */

/* Begin PBXFrameworksBuildPhase section */
		98B907041D34908000878F20 /* Frameworks */ = {
			isa = PBXFrameworksBuildPhase;
			buildActionMask = 2147483647;
			files = (
			);
			runOnlyForDeploymentPostprocessing = 0;
		};
/* End PBXFrameworksBuildPhase section */

/* Begin PBXGroup section */
		98B906FE1D34908000878F20 = {
			isa = PBXGroup;
			children = (
				98B907091D34908000878F20 /* swift08 randomColorization */,
				98B907081D34908000878F20 /* Products */,
			);
			sourceTree = "<group>";
		};
		98B907081D34908000878F20 /* Products */ = {
			isa = PBXGroup;
			children = (
				98B907071D34908000878F20 /* swift08 randomColorization.app */,
			);
			name = Products;
			sourceTree = "<group>";
		};
		98B907091D34908000878F20 /* swift08 randomColorization */ = {
			isa = PBXGroup;
			children = (
				98B9070A1D34908000878F20 /* AppDelegate.swift */,
				98B9070C1D34908000878F20 /* ViewController.swift */,
				98B9070E1D34908000878F20 /* Main.storyboard */,
				98B907291D34986400878F20 /* Ecstasy.mp3 */,
				98B907111D34908000878F20 /* Assets.xcassets */,
				98B907131D34908000878F20 /* LaunchScreen.storyboard */,
				98B907161D34908000878F20 /* Info.plist */,
			);
			path = "swift08 randomColorization";
			sourceTree = "<group>";
		};
/* End PBXGroup section */

/* Begin PBXNativeTarget section */
		98B907061D34908000878F20 /* swift08 randomColorization */ = {
			isa = PBXNativeTarget;
			buildConfigurationList = 98B907191D34908000878F20 /* Build configuration list for PBXNativeTarget "swift08 randomColorization" */;
			buildPhases = (
				98B907031D34908000878F20 /* Sources */,
				98B907041D34908000878F20 /* Frameworks */,
				98B907051D34908000878F20 /* Resources */,
			);
			buildRules = (
			);
			dependencies = (
			);
			name = "swift08 randomColorization";
			productName = "swift08 randomColorization";
			productReference = 98B907071D34908000878F20 /* swift08 randomColorization.app */;
			productType = "com.apple.product-type.application";
		};
/* End PBXNativeTarget section */

/* Begin PBXProject section */
		98B906FF1D34908000878F20 /* Project object */ = {
			isa = PBXProject;
			attributes = {
				LastSwiftUpdateCheck = 0720;
				LastUpgradeCheck = 0720;
				ORGANIZATIONNAME = Aaron;
				TargetAttributes = {
					98B907061D34908000878F20 = {
						CreatedOnToolsVersion = 7.2;
					};
				};
			};
			buildConfigurationList = 98B907021D34908000878F20 /* Build configuration list for PBXProject "swift08 randomColorization" */;
			compatibilityVersion = "Xcode 3.2";
			developmentRegion = English;
			hasScannedForEncodings = 0;
			knownRegions = (
				en,
				Base,
			);
			mainGroup = 98B906FE1D34908000878F20;
			productRefGroup = 98B907081D34908000878F20 /* Products */;
			projectDirPath = "";
			projectRoot = "";
			targets = (
				98B907061D34908000878F20 /* swift08 randomColorization */,
			);
		};
/* End PBXProject section */

/* Begin PBXResourcesBuildPhase section */
		98B907051D34908000878F20 /* Resources */ = {
			isa = PBXResourcesBuildPhase;
			buildActionMask = 2147483647;
			files = (
				98B907151D34908000878F20 /* LaunchScreen.storyboard in Resources */,
				98B9072A1D34986400878F20 /* Ecstasy.mp3 in Resources */,
				98B907121D34908000878F20 /* Assets.xcassets in Resources */,
				98B907101D34908000878F20 /* Main.storyboard in Resources */,
			);
			runOnlyForDeploymentPostprocessing = 0;
		};
/* End PBXResourcesBuildPhase section */

/* Begin PBXSourcesBuildPhase section */
		98B907031D34908000878F20 /* Sources */ = {
			isa = PBXSourcesBuildPhase;
			buildActionMask = 2147483647;
			files = (
				98B9070D1D34908000878F20 /* ViewController.swift in Sources */,
				98B9070B1D34908000878F20 /* AppDelegate.swift in Sources */,
			);
			runOnlyForDeploymentPostprocessing = 0;
		};
/* End PBXSourcesBuildPhase section */

/* Begin PBXVariantGroup section */
		98B9070E1D34908000878F20 /* Main.storyboard */ = {
			isa = PBXVariantGroup;
			children = (
				98B9070F1D34908000878F20 /* Base */,
			);
			name = Main.storyboard;
			sourceTree = "<group>";
		};
		98B907131D34908000878F20 /* LaunchScreen.storyboard */ = {
			isa = PBXVariantGroup;
			children = (
				98B907141D34908000878F20 /* Base */,
			);
			name = LaunchScreen.storyboard;
			sourceTree = "<group>";
		};
/* End PBXVariantGroup section */

/* Begin XCBuildConfiguration section */
		98B907171D34908000878F20 /* Debug */ = {
			isa = XCBuildConfiguration;
			buildSettings = {
				ALWAYS_SEARCH_USER_PATHS = NO;
				CLANG_CXX_LANGUAGE_STANDARD = "gnu++0x";
				CLANG_CXX_LIBRARY = "libc++";
				CLANG_ENABLE_MODULES = YES;
				CLANG_ENABLE_OBJC_ARC = YES;
				CLANG_WARN_BOOL_CONVERSION = YES;
				CLANG_WARN_CONSTANT_CONVERSION = YES;
				CLANG_WARN_DIRECT_OBJC_ISA_USAGE = YES_ERROR;
				CLANG_WARN_EMPTY_BODY = YES;
				CLANG_WARN_ENUM_CONVERSION = YES;
				CLANG_WARN_INT_CONVERSION = YES;
				CLANG_WARN_OBJC_ROOT_CLASS = YES_ERROR;
				CLANG_WARN_UNREACHABLE_CODE = YES;
				CLANG_WARN__DUPLICATE_METHOD_MATCH = YES;
				"CODE_SIGN_IDENTITY[sdk=iphoneos*]" = "iPhone Developer";
				COPY_PHASE_STRIP = NO;
				DEBUG_INFORMATION_FORMAT = dwarf;
				ENABLE_STRICT_OBJC_MSGSEND = YES;
				ENABLE_TESTABILITY = YES;
				GCC_C_LANGUAGE_STANDARD = gnu99;
				GCC_DYNAMIC_NO_PIC = NO;
				GCC_NO_COMMON_BLOCKS = YES;
				GCC_OPTIMIZATION_LEVEL = 0;
				GCC_PREPROCESSOR_DEFINITIONS = (
					"DEBUG=1",
					"$(inherited)",
				);
				GCC_WARN_64_TO_32_BIT_CONVERSION = YES;
				GCC_WARN_ABOUT_RETURN_TYPE = YES_ERROR;
				GCC_WARN_UNDECLARED_SELECTOR = YES;
				GCC_WARN_UNINITIALIZED_AUTOS = YES_AGGRESSIVE;
				GCC_WARN_UNUSED_FUNCTION = YES;
				GCC_WARN_UNUSED_VARIABLE = YES;
				IPHONEOS_DEPLOYMENT_TARGET = 9.2;
				MTL_ENABLE_DEBUG_INFO = YES;
				ONLY_ACTIVE_ARCH = YES;
				SDKROOT = iphoneos;
				SWIFT_OPTIMIZATION_LEVEL = "-Onone";
				TARGETED_DEVICE_FAMILY = "1,2";
			};
			name = Debug;
		};
		98B907181D34908000878F20 /* Release */ = {
			isa = XCBuildConfiguration;
			buildSettings = {
				ALWAYS_SEARCH_USER_PATHS = NO;
				CLANG_CXX_LANGUAGE_STANDARD = "gnu++0x";
				CLANG_CXX_LIBRARY = "libc++";
				CLANG_ENABLE_MODULES = YES;
				CLANG_ENABLE_OBJC_ARC = YES;
				CLANG_WARN_BOOL_CONVERSION = YES;
				CLANG_WARN_CONSTANT_CONVERSION = YES;
				CLANG_WARN_DIRECT_OBJC_ISA_USAGE = YES_ERROR;
				CLANG_WARN_EMPTY_BODY = YES;
				CLANG_WARN_ENUM_CONVERSION = YES;
				CLANG_WARN_INT_CONVERSION = YES;
				CLANG_WARN_OBJC_ROOT_CLASS = YES_ERROR;
				CLANG_WARN_UNREACHABLE_CODE = YES;
				CLANG_WARN__DUPLICATE_METHOD_MATCH = YES;
				"CODE_SIGN_IDENTITY[sdk=iphoneos*]" = "iPhone Developer";
				COPY_PHASE_STRIP = NO;
				DEBUG_INFORMATION_FORMAT = "dwarf-with-dsym";
				ENABLE_NS_ASSERTIONS = NO;
				ENABLE_STRICT_OBJC_MSGSEND = YES;
				GCC_C_LANGUAGE_STANDARD = gnu99;
				GCC_NO_COMMON_BLOCKS = YES;
				GCC_WARN_64_TO_32_BIT_CONVERSION = YES;
				GCC_WARN_ABOUT_RETURN_TYPE = YES_ERROR;
				GCC_WARN_UNDECLARED_SELECTOR = YES;
				GCC_WARN_UNINITIALIZED_AUTOS = YES_AGGRESSIVE;
				GCC_WARN_UNUSED_FUNCTION = YES;
				GCC_WARN_UNUSED_VARIABLE = YES;
				IPHONEOS_DEPLOYMENT_TARGET = 9.2;
				MTL_ENABLE_DEBUG_INFO = NO;
				SDKROOT = iphoneos;
				TARGETED_DEVICE_FAMILY = "1,2";
				VALIDATE_PRODUCT = YES;
			};
			name = Release;
		};
		98B9071A1D34908000878F20 /* Debug */ = {
			isa = XCBuildConfiguration;
			buildSettings = {
				ASSETCATALOG_COMPILER_APPICON_NAME = AppIcon;
				INFOPLIST_FILE = "swift08 randomColorization/Info.plist";
				LD_RUNPATH_SEARCH_PATHS = "$(inherited) @executable_path/Frameworks";
				PRODUCT_BUNDLE_IDENTIFIER = "AppariTT.swift08-randomColorization";
				PRODUCT_NAME = "$(TARGET_NAME)";
			};
			name = Debug;
		};
		98B9071B1D34908000878F20 /* Release */ = {
			isa = XCBuildConfiguration;
			buildSettings = {
				ASSETCATALOG_COMPILER_APPICON_NAME = AppIcon;
				INFOPLIST_FILE = "swift08 randomColorization/Info.plist";
				LD_RUNPATH_SEARCH_PATHS = "$(inherited) @executable_path/Frameworks";
				PRODUCT_BUNDLE_IDENTIFIER = "AppariTT.swift08-randomColorization";
				PRODUCT_NAME = "$(TARGET_NAME)";
			};
			name = Release;
		};
/* End XCBuildConfiguration section */

/* Begin XCConfigurationList section */
		98B907021D34908000878F20 /* Build configuration list for PBXProject "swift08 randomColorization" */ = {
			isa = XCConfigurationList;
			buildConfigurations = (
				98B907171D34908000878F20 /* Debug */,
				98B907181D34908000878F20 /* Release */,
			);
			defaultConfigurationIsVisible = 0;
			defaultConfigurationName = Release;
		};
		98B907191D34908000878F20 /* Build configuration list for PBXNativeTarget "swift08 randomColorization" */ = {
			isa = XCConfigurationList;
			buildConfigurations = (
				98B9071A1D34908000878F20 /* Debug */,
				98B9071B1D34908000878F20 /* Release */,
			);
			defaultConfigurationIsVisible = 0;
		};
/* End XCConfigurationList section */
	};
	rootObject = 98B906FF1D34908000878F20 /* Project object */;
}
