// !$*UTF8*$!
{
	archiveVersion = 1;
	classes = {
	};
	objectVersion = 46;
	objects = {

/* Begin PBXBuildFile section */
		98B909411D3C723A00878F20 /* AppDelegate.swift in Sources */ = {isa = PBXBuildFile; fileRef = 98B909401D3C723A00878F20 /* AppDelegate.swift */; };
		98B909431D3C723A00878F20 /* ViewController.swift in Sources */ = {isa = PBXBuildFile; fileRef = 98B909421D3C723A00878F20 /* ViewController.swift */; };
		98B909461D3C723A00878F20 /* Main.storyboard in Resources */ = {isa = PBXBuildFile; fileRef = 98B909441D3C723A00878F20 /* Main.storyboard */; };
		98B909481D3C723A00878F20 /* Assets.xcassets in Resources */ = {isa = PBXBuildFile; fileRef = 98B909471D3C723A00878F20 /* Assets.xcassets */; };
		98B9094B1D3C723A00878F20 /* LaunchScreen.storyboard in Resources */ = {isa = PBXBuildFile; fileRef = 98B909491D3C723A00878F20 /* LaunchScreen.storyboard */; };
		98B909BA1D3CC52300878F20 /* ZHMenuTVController.swift in Sources */ = {isa = PBXBuildFile; fileRef = 98B909B91D3CC52300878F20 /* ZHMenuTVController.swift */; };
		98B909BC1D3CC81900878F20 /* ViewCell.swift in Sources */ = {isa = PBXBuildFile; fileRef = 98B909BB1D3CC81900878F20 /* ViewCell.swift */; };
		98B909BE1D3CDE0C00878F20 /* TransitionManager.swift in Sources */ = {isa = PBXBuildFile; fileRef = 98B909BD1D3CDE0C00878F20 /* TransitionManager.swift */; };
/* End PBXBuildFile section */

/* Begin PBXFileReference section */
		98B9093D1D3C723A00878F20 /* swift16 slideMenu.app */ = {isa = PBXFileReference; explicitFileType = wrapper.application; includeInIndex = 0; path = "swift16 slideMenu.app"; sourceTree = BUILT_PRODUCTS_DIR; };
		98B909401D3C723A00878F20 /* AppDelegate.swift */ = {isa = PBXFileReference; lastKnownFileType = sourcecode.swift; path = AppDelegate.swift; sourceTree = "<group>"; };
		98B909421D3C723A00878F20 /* ViewController.swift */ = {isa = PBXFileReference; lastKnownFileType = sourcecode.swift; path = ViewController.swift; sourceTree = "<group>"; };
		98B909451D3C723A00878F20 /* Base */ = {isa = PBXFileReference; lastKnownFileType = file.storyboard; name = Base; path = Base.lproj/Main.storyboard; sourceTree = "<group>"; };
		98B909471D3C723A00878F20 /* Assets.xcassets */ = {isa = PBXFileReference; lastKnownFileType = folder.assetcatalog; path = Assets.xcassets; sourceTree = "<group>"; };
		98B9094A1D3C723A00878F20 /* Base */ = {isa = PBXFileReference; lastKnownFileType = file.storyboard; name = Base; path = Base.lproj/LaunchScreen.storyboard; sourceTree = "<group>"; };
		98B9094C1D3C723A00878F20 /* Info.plist */ = {isa = PBXFileReference; lastKnownFileType = text.plist.xml; path = Info.plist; sourceTree = "<group>"; };
		98B909B91D3CC52300878F20 /* ZHMenuTVController.swift */ = {isa = PBXFileReference; fileEncoding = 4; lastKnownFileType = sourcecode.swift; path = ZHMenuTVController.swift; sourceTree = "<group>"; };
		98B909BB1D3CC81900878F20 /* ViewCell.swift */ = {isa = PBXFileReference; fileEncoding = 4; lastKnownFileType = sourcecode.swift; path = ViewCell.swift; sourceTree = "<group>"; };
		98B909BD1D3CDE0C00878F20 /* TransitionManager.swift */ = {isa = PBXFileReference; fileEncoding = 4; lastKnownFileType = sourcecode.swift; path = TransitionManager.swift; sourceTree = "<group>"; };
/* End PBXFileReference section */

/* Begin PBXFrameworksBuildPhase section */
		98B9093A1D3C723A00878F20 /* Frameworks */ = {
			isa = PBXFrameworksBuildPhase;
			buildActionMask = 2147483647;
			files = (
			);
			runOnlyForDeploymentPostprocessing = 0;
		};
/* End PBXFrameworksBuildPhase section */

/* Begin PBXGroup section */
		98B909341D3C723A00878F20 = {
			isa = PBXGroup;
			children = (
				98B9093F1D3C723A00878F20 /* swift16 slideMenu */,
				98B9093E1D3C723A00878F20 /* Products */,
			);
			sourceTree = "<group>";
		};
		98B9093E1D3C723A00878F20 /* Products */ = {
			isa = PBXGroup;
			children = (
				98B9093D1D3C723A00878F20 /* swift16 slideMenu.app */,
			);
			name = Products;
			sourceTree = "<group>";
		};
		98B9093F1D3C723A00878F20 /* swift16 slideMenu */ = {
			isa = PBXGroup;
			children = (
				98B909401D3C723A00878F20 /* AppDelegate.swift */,
				98B909421D3C723A00878F20 /* ViewController.swift */,
				98B909441D3C723A00878F20 /* Main.storyboard */,
				98B909BB1D3CC81900878F20 /* ViewCell.swift */,
				98B909B91D3CC52300878F20 /* ZHMenuTVController.swift */,
				98B909BD1D3CDE0C00878F20 /* TransitionManager.swift */,
				98B909471D3C723A00878F20 /* Assets.xcassets */,
				98B909491D3C723A00878F20 /* LaunchScreen.storyboard */,
				98B9094C1D3C723A00878F20 /* Info.plist */,
			);
			path = "swift16 slideMenu";
			sourceTree = "<group>";
		};
/* End PBXGroup section */

/* Begin PBXNativeTarget section */
		98B9093C1D3C723A00878F20 /* swift16 slideMenu */ = {
			isa = PBXNativeTarget;
			buildConfigurationList = 98B9094F1D3C723A00878F20 /* Build configuration list for PBXNativeTarget "swift16 slideMenu" */;
			buildPhases = (
				98B909391D3C723A00878F20 /* Sources */,
				98B9093A1D3C723A00878F20 /* Frameworks */,
				98B9093B1D3C723A00878F20 /* Resources */,
			);
			buildRules = (
			);
			dependencies = (
			);
			name = "swift16 slideMenu";
			productName = "swift16 slideMenu";
			productReference = 98B9093D1D3C723A00878F20 /* swift16 slideMenu.app */;
			productType = "com.apple.product-type.application";
		};
/* End PBXNativeTarget section */

/* Begin PBXProject section */
		98B909351D3C723A00878F20 /* Project object */ = {
			isa = PBXProject;
			attributes = {
				LastSwiftUpdateCheck = 0720;
				LastUpgradeCheck = 0720;
				ORGANIZATIONNAME = Aaron;
				TargetAttributes = {
					98B9093C1D3C723A00878F20 = {
						CreatedOnToolsVersion = 7.2;
					};
				};
			};
			buildConfigurationList = 98B909381D3C723A00878F20 /* Build configuration list for PBXProject "swift16 slideMenu" */;
			compatibilityVersion = "Xcode 3.2";
			developmentRegion = English;
			hasScannedForEncodings = 0;
			knownRegions = (
				en,
				Base,
			);
			mainGroup = 98B909341D3C723A00878F20;
			productRefGroup = 98B9093E1D3C723A00878F20 /* Products */;
			projectDirPath = "";
			projectRoot = "";
			targets = (
				98B9093C1D3C723A00878F20 /* swift16 slideMenu */,
			);
		};
/* End PBXProject section */

/* Begin PBXResourcesBuildPhase section */
		98B9093B1D3C723A00878F20 /* Resources */ = {
			isa = PBXResourcesBuildPhase;
			buildActionMask = 2147483647;
			files = (
				98B9094B1D3C723A00878F20 /* LaunchScreen.storyboard in Resources */,
				98B909481D3C723A00878F20 /* Assets.xcassets in Resources */,
				98B909461D3C723A00878F20 /* Main.storyboard in Resources */,
			);
			runOnlyForDeploymentPostprocessing = 0;
		};
/* End PBXResourcesBuildPhase section */

/* Begin PBXSourcesBuildPhase section */
		98B909391D3C723A00878F20 /* Sources */ = {
			isa = PBXSourcesBuildPhase;
			buildActionMask = 2147483647;
			files = (
				98B909BC1D3CC81900878F20 /* ViewCell.swift in Sources */,
				98B909BE1D3CDE0C00878F20 /* TransitionManager.swift in Sources */,
				98B909431D3C723A00878F20 /* ViewController.swift in Sources */,
				98B909411D3C723A00878F20 /* AppDelegate.swift in Sources */,
				98B909BA1D3CC52300878F20 /* ZHMenuTVController.swift in Sources */,
			);
			runOnlyForDeploymentPostprocessing = 0;
		};
/* End PBXSourcesBuildPhase section */

/* Begin PBXVariantGroup section */
		98B909441D3C723A00878F20 /* Main.storyboard */ = {
			isa = PBXVariantGroup;
			children = (
				98B909451D3C723A00878F20 /* Base */,
			);
			name = Main.storyboard;
			sourceTree = "<group>";
		};
		98B909491D3C723A00878F20 /* LaunchScreen.storyboard */ = {
			isa = PBXVariantGroup;
			children = (
				98B9094A1D3C723A00878F20 /* Base */,
			);
			name = LaunchScreen.storyboard;
			sourceTree = "<group>";
		};
/* End PBXVariantGroup section */

/* Begin XCBuildConfiguration section */
		98B9094D1D3C723A00878F20 /* Debug */ = {
			isa = XCBuildConfiguration;
			buildSettings = {
				ALWAYS_SEARCH_USER_PATHS = NO;
				CLANG_CXX_LANGUAGE_STANDARD = "gnu++0x";
				CLANG_CXX_LIBRARY = "libc++";
				CLANG_ENABLE_MODULES = YES;
				CLANG_ENABLE_OBJC_ARC = YES;
				CLANG_WARN_BOOL_CONVERSION = YES;
				CLANG_WARN_CONSTANT_CONVERSION = YES;
				CLANG_WARN_DIRECT_OBJC_ISA_USAGE = YES_ERROR;
				CLANG_WARN_EMPTY_BODY = YES;
				CLANG_WARN_ENUM_CONVERSION = YES;
				CLANG_WARN_INT_CONVERSION = YES;
				CLANG_WARN_OBJC_ROOT_CLASS = YES_ERROR;
				CLANG_WARN_UNREACHABLE_CODE = YES;
				CLANG_WARN__DUPLICATE_METHOD_MATCH = YES;
				"CODE_SIGN_IDENTITY[sdk=iphoneos*]" = "iPhone Developer";
				COPY_PHASE_STRIP = NO;
				DEBUG_INFORMATION_FORMAT = dwarf;
				ENABLE_STRICT_OBJC_MSGSEND = YES;
				ENABLE_TESTABILITY = YES;
				GCC_C_LANGUAGE_STANDARD = gnu99;
				GCC_DYNAMIC_NO_PIC = NO;
				GCC_NO_COMMON_BLOCKS = YES;
				GCC_OPTIMIZATION_LEVEL = 0;
				GCC_PREPROCESSOR_DEFINITIONS = (
					"DEBUG=1",
					"$(inherited)",
				);
				GCC_WARN_64_TO_32_BIT_CONVERSION = YES;
				GCC_WARN_ABOUT_RETURN_TYPE = YES_ERROR;
				GCC_WARN_UNDECLARED_SELECTOR = YES;
				GCC_WARN_UNINITIALIZED_AUTOS = YES_AGGRESSIVE;
				GCC_WARN_UNUSED_FUNCTION = YES;
				GCC_WARN_UNUSED_VARIABLE = YES;
				IPHONEOS_DEPLOYMENT_TARGET = 9.2;
				MTL_ENABLE_DEBUG_INFO = YES;
				ONLY_ACTIVE_ARCH = YES;
				SDKROOT = iphoneos;
				SWIFT_OPTIMIZATION_LEVEL = "-Onone";
				TARGETED_DEVICE_FAMILY = "1,2";
			};
			name = Debug;
		};
		98B9094E1D3C723A00878F20 /* Release */ = {
			isa = XCBuildConfiguration;
			buildSettings = {
				ALWAYS_SEARCH_USER_PATHS = NO;
				CLANG_CXX_LANGUAGE_STANDARD = "gnu++0x";
				CLANG_CXX_LIBRARY = "libc++";
				CLANG_ENABLE_MODULES = YES;
				CLANG_ENABLE_OBJC_ARC = YES;
				CLANG_WARN_BOOL_CONVERSION = YES;
				CLANG_WARN_CONSTANT_CONVERSION = YES;
				CLANG_WARN_DIRECT_OBJC_ISA_USAGE = YES_ERROR;
				CLANG_WARN_EMPTY_BODY = YES;
				CLANG_WARN_ENUM_CONVERSION = YES;
				CLANG_WARN_INT_CONVERSION = YES;
				CLANG_WARN_OBJC_ROOT_CLASS = YES_ERROR;
				CLANG_WARN_UNREACHABLE_CODE = YES;
				CLANG_WARN__DUPLICATE_METHOD_MATCH = YES;
				"CODE_SIGN_IDENTITY[sdk=iphoneos*]" = "iPhone Developer";
				COPY_PHASE_STRIP = NO;
				DEBUG_INFORMATION_FORMAT = "dwarf-with-dsym";
				ENABLE_NS_ASSERTIONS = NO;
				ENABLE_STRICT_OBJC_MSGSEND = YES;
				GCC_C_LANGUAGE_STANDARD = gnu99;
				GCC_NO_COMMON_BLOCKS = YES;
				GCC_WARN_64_TO_32_BIT_CONVERSION = YES;
				GCC_WARN_ABOUT_RETURN_TYPE = YES_ERROR;
				GCC_WARN_UNDECLARED_SELECTOR = YES;
				GCC_WARN_UNINITIALIZED_AUTOS = YES_AGGRESSIVE;
				GCC_WARN_UNUSED_FUNCTION = YES;
				GCC_WARN_UNUSED_VARIABLE = YES;
				IPHONEOS_DEPLOYMENT_TARGET = 9.2;
				MTL_ENABLE_DEBUG_INFO = NO;
				SDKROOT = iphoneos;
				TARGETED_DEVICE_FAMILY = "1,2";
				VALIDATE_PRODUCT = YES;
			};
			name = Release;
		};
		98B909501D3C723A00878F20 /* Debug */ = {
			isa = XCBuildConfiguration;
			buildSettings = {
				ASSETCATALOG_COMPILER_APPICON_NAME = AppIcon;
				INFOPLIST_FILE = "swift16 slideMenu/Info.plist";
				LD_RUNPATH_SEARCH_PATHS = "$(inherited) @executable_path/Frameworks";
				PRODUCT_BUNDLE_IDENTIFIER = "AppariTT.swift16-slideMenu";
				PRODUCT_NAME = "$(TARGET_NAME)";
			};
			name = Debug;
		};
		98B909511D3C723A00878F20 /* Release */ = {
			isa = XCBuildConfiguration;
			buildSettings = {
				ASSETCATALOG_COMPILER_APPICON_NAME = AppIcon;
				INFOPLIST_FILE = "swift16 slideMenu/Info.plist";
				LD_RUNPATH_SEARCH_PATHS = "$(inherited) @executable_path/Frameworks";
				PRODUCT_BUNDLE_IDENTIFIER = "AppariTT.swift16-slideMenu";
				PRODUCT_NAME = "$(TARGET_NAME)";
			};
			name = Release;
		};
/* End XCBuildConfiguration section */

/* Begin XCConfigurationList section */
		98B909381D3C723A00878F20 /* Build configuration list for PBXProject "swift16 slideMenu" */ = {
			isa = XCConfigurationList;
			buildConfigurations = (
				98B9094D1D3C723A00878F20 /* Debug */,
				98B9094E1D3C723A00878F20 /* Release */,
			);
			defaultConfigurationIsVisible = 0;
			defaultConfigurationName = Release;
		};
		98B9094F1D3C723A00878F20 /* Build configuration list for PBXNativeTarget "swift16 slideMenu" */ = {
			isa = XCConfigurationList;
			buildConfigurations = (
				98B909501D3C723A00878F20 /* Debug */,
				98B909511D3C723A00878F20 /* Release */,
			);
			defaultConfigurationIsVisible = 0;
			defaultConfigurationName = Release;
		};
/* End XCConfigurationList section */
	};
	rootObject = 98B909351D3C723A00878F20 /* Project object */;
}
