// !$*UTF8*$!
{
	archiveVersion = 1;
	classes = {
	};
	objectVersion = 46;
	objects = {

/* Begin PBXContainerItemProxy section */
		980011E91D2E6CEF00D6136C /* PBXContainerItemProxy */ = {
			isa = PBXContainerItemProxy;
			containerPortal = 980011E21D2E6CEF00D6136C /* swift04 snapchatMenu.xcodeproj */;
			proxyType = 2;
			remoteGlobalIDString = 980011CD1D2E6CEE00D6136C;
			remoteInfo = "swift04 snapchatMenu";
		};
		9800122B1D2F716700D6136C /* PBXContainerItemProxy */ = {
			isa = PBXContainerItemProxy;
			containerPortal = 980012231D2F716700D6136C /* swift05 roll view.xcodeproj */;
			proxyType = 2;
			remoteGlobalIDString = 9800120E1D2F716700D6136C;
			remoteInfo = "swift05 roll view";
		};
		980012641D333C3400D6136C /* PBXContainerItemProxy */ = {
			isa = PBXContainerItemProxy;
			containerPortal = 9800125B1D333C3400D6136C /* swift06 findMyLocation.xcodeproj */;
			proxyType = 2;
			remoteGlobalIDString = 980012461D333C3400D6136C;
			remoteInfo = "swift06 findMyLocation";
		};
		98433A931D2D096200E86747 /* PBXContainerItemProxy */ = {
			isa = PBXContainerItemProxy;
			containerPortal = 98433A8F1D2D096100E86747 /* Swift01Timer.xcodeproj */;
			proxyType = 2;
			remoteGlobalIDString = 98433A7A1D2D096100E86747;
			remoteInfo = Swift01Timer;
		};
		98433AB71D2D097B00E86747 /* PBXContainerItemProxy */ = {
			isa = PBXContainerItemProxy;
			containerPortal = 98433AB31D2D097A00E86747 /* Swift02CustomFont.xcodeproj */;
			proxyType = 2;
			remoteGlobalIDString = 98433A9E1D2D097A00E86747;
			remoteInfo = Swift02CustomFont;
		};
		98433B071D2E014500E86747 /* PBXContainerItemProxy */ = {
			isa = PBXContainerItemProxy;
			containerPortal = 98433B011D2E014500E86747 /* swift03video.xcodeproj */;
			proxyType = 2;
			remoteGlobalIDString = 98433AEC1D2E014500E86747;
			remoteInfo = swift03video;
		};
		98B906F31D339AF300878F20 /* PBXContainerItemProxy */ = {
			isa = PBXContainerItemProxy;
			containerPortal = 98B906E91D339AF200878F20 /* swift07 pullToRefresh.xcodeproj */;
			proxyType = 2;
			remoteGlobalIDString = 98B906D41D339AF200878F20;
			remoteInfo = "swift07 pullToRefresh";
		};
/* End PBXContainerItemProxy section */

/* Begin PBXFileReference section */
		980011E21D2E6CEF00D6136C /* swift04 snapchatMenu.xcodeproj */ = {isa = PBXFileReference; lastKnownFileType = "wrapper.pb-project"; name = "swift04 snapchatMenu.xcodeproj"; path = "swift04 snapchatMenu/swift04 snapchatMenu.xcodeproj"; sourceTree = "<group>"; };
		980012231D2F716700D6136C /* swift05 roll view.xcodeproj */ = {isa = PBXFileReference; lastKnownFileType = "wrapper.pb-project"; name = "swift05 roll view.xcodeproj"; path = "swift05 roll view/swift05 roll view.xcodeproj"; sourceTree = "<group>"; };
		9800125B1D333C3400D6136C /* swift06 findMyLocation.xcodeproj */ = {isa = PBXFileReference; lastKnownFileType = "wrapper.pb-project"; name = "swift06 findMyLocation.xcodeproj"; path = "swift06 findMyLocation/swift06 findMyLocation.xcodeproj"; sourceTree = "<group>"; };
		98433A8F1D2D096100E86747 /* Swift01Timer.xcodeproj */ = {isa = PBXFileReference; lastKnownFileType = "wrapper.pb-project"; name = Swift01Timer.xcodeproj; path = Swift01Timer/Swift01Timer.xcodeproj; sourceTree = "<group>"; };
		98433AB31D2D097A00E86747 /* Swift02CustomFont.xcodeproj */ = {isa = PBXFileReference; lastKnownFileType = "wrapper.pb-project"; name = Swift02CustomFont.xcodeproj; path = Swift02CustomFont/Swift02CustomFont.xcodeproj; sourceTree = "<group>"; };
		98433ACA1D2D0A8200E86747 /* Swift.app */ = {isa = PBXFileReference; explicitFileType = wrapper.application; includeInIndex = 0; path = Swift.app; sourceTree = BUILT_PRODUCTS_DIR; };
		98433B011D2E014500E86747 /* swift03video.xcodeproj */ = {isa = PBXFileReference; lastKnownFileType = "wrapper.pb-project"; name = swift03video.xcodeproj; path = swift03video/swift03video.xcodeproj; sourceTree = "<group>"; };
		98B906E91D339AF200878F20 /* swift07 pullToRefresh.xcodeproj */ = {isa = PBXFileReference; lastKnownFileType = "wrapper.pb-project"; name = "swift07 pullToRefresh.xcodeproj"; path = "swift07 pullToRefresh/swift07 pullToRefresh.xcodeproj"; sourceTree = "<group>"; };
/* End PBXFileReference section */

/* Begin PBXFrameworksBuildPhase section */
		98433A4A1D2D090B00E86747 /* Frameworks */ = {
			isa = PBXFrameworksBuildPhase;
			buildActionMask = 2147483647;
			files = (
			);
			runOnlyForDeploymentPostprocessing = 0;
		};
/* End PBXFrameworksBuildPhase section */

/* Begin PBXGroup section */
		980011E31D2E6CEF00D6136C /* Products */ = {
			isa = PBXGroup;
			children = (
				980011EA1D2E6CEF00D6136C /* swift04 snapchatMenu.app */,
			);
			name = Products;
			sourceTree = "<group>";
		};
		980012241D2F716700D6136C /* Products */ = {
			isa = PBXGroup;
			children = (
				9800122C1D2F716700D6136C /* swift05 roll view.app */,
			);
			name = Products;
			sourceTree = "<group>";
		};
		9800125C1D333C3400D6136C /* Products */ = {
			isa = PBXGroup;
			children = (
				980012651D333C3400D6136C /* swift06 findMyLocation.app */,
			);
			name = Products;
			sourceTree = "<group>";
		};
		98433A441D2D090B00E86747 = {
			isa = PBXGroup;
			children = (
				98B906E91D339AF200878F20 /* swift07 pullToRefresh.xcodeproj */,
				9800125B1D333C3400D6136C /* swift06 findMyLocation.xcodeproj */,
				980012231D2F716700D6136C /* swift05 roll view.xcodeproj */,
				980011E21D2E6CEF00D6136C /* swift04 snapchatMenu.xcodeproj */,
				98433B011D2E014500E86747 /* swift03video.xcodeproj */,
				98433AB31D2D097A00E86747 /* Swift02CustomFont.xcodeproj */,
				98433A8F1D2D096100E86747 /* Swift01Timer.xcodeproj */,
				98433ACA1D2D0A8200E86747 /* Swift.app */,
			);
			sourceTree = "<group>";
		};
		98433A901D2D096100E86747 /* Products */ = {
			isa = PBXGroup;
			children = (
				98433A941D2D096200E86747 /* Swift01Timer.app */,
			);
			name = Products;
			sourceTree = "<group>";
		};
		98433AB41D2D097A00E86747 /* Products */ = {
			isa = PBXGroup;
			children = (
				98433AB81D2D097B00E86747 /* Swift02CustomFont.app */,
			);
			name = Products;
			sourceTree = "<group>";
		};
		98433B021D2E014500E86747 /* Products */ = {
			isa = PBXGroup;
			children = (
				98433B081D2E014500E86747 /* swift03video.app */,
			);
			name = Products;
			sourceTree = "<group>";
		};
		98B906EA1D339AF200878F20 /* Products */ = {
			isa = PBXGroup;
			children = (
				98B906F41D339AF300878F20 /* swift07 pullToRefresh.app */,
			);
			name = Products;
			sourceTree = "<group>";
		};
/* End PBXGroup section */

/* Begin PBXNativeTarget section */
		98433A4C1D2D090B00E86747 /* Swift */ = {
			isa = PBXNativeTarget;
			buildConfigurationList = 98433A5F1D2D090B00E86747 /* Build configuration list for PBXNativeTarget "Swift" */;
			buildPhases = (
				98433A491D2D090B00E86747 /* Sources */,
				98433A4A1D2D090B00E86747 /* Frameworks */,
				98433A4B1D2D090B00E86747 /* Resources */,
			);
			buildRules = (
			);
			dependencies = (
			);
			name = Swift;
			productName = Swift;
			productReference = 98433ACA1D2D0A8200E86747 /* Swift.app */;
			productType = "com.apple.product-type.application";
		};
/* End PBXNativeTarget section */

/* Begin PBXProject section */
		98433A451D2D090B00E86747 /* Project object */ = {
			isa = PBXProject;
			attributes = {
				LastSwiftUpdateCheck = 0720;
				LastUpgradeCheck = 0720;
				ORGANIZATIONNAME = Aaron;
				TargetAttributes = {
					98433A4C1D2D090B00E86747 = {
						CreatedOnToolsVersion = 7.2;
					};
				};
			};
			buildConfigurationList = 98433A481D2D090B00E86747 /* Build configuration list for PBXProject "Swift" */;
			compatibilityVersion = "Xcode 3.2";
			developmentRegion = English;
			hasScannedForEncodings = 0;
			knownRegions = (
				en,
				Base,
			);
			mainGroup = 98433A441D2D090B00E86747;
			productRefGroup = 98433A441D2D090B00E86747;
			projectDirPath = "";
			projectReferences = (
				{
					ProductGroup = 98433A901D2D096100E86747 /* Products */;
					ProjectRef = 98433A8F1D2D096100E86747 /* Swift01Timer.xcodeproj */;
				},
				{
					ProductGroup = 98433AB41D2D097A00E86747 /* Products */;
					ProjectRef = 98433AB31D2D097A00E86747 /* Swift02CustomFont.xcodeproj */;
				},
				{
					ProductGroup = 98433B021D2E014500E86747 /* Products */;
					ProjectRef = 98433B011D2E014500E86747 /* swift03video.xcodeproj */;
				},
				{
					ProductGroup = 980011E31D2E6CEF00D6136C /* Products */;
					ProjectRef = 980011E21D2E6CEF00D6136C /* swift04 snapchatMenu.xcodeproj */;
				},
				{
					ProductGroup = 980012241D2F716700D6136C /* Products */;
					ProjectRef = 980012231D2F716700D6136C /* swift05 roll view.xcodeproj */;
				},
				{
					ProductGroup = 9800125C1D333C3400D6136C /* Products */;
					ProjectRef = 9800125B1D333C3400D6136C /* swift06 findMyLocation.xcodeproj */;
				},
				{
					ProductGroup = 98B906EA1D339AF200878F20 /* Products */;
					ProjectRef = 98B906E91D339AF200878F20 /* swift07 pullToRefresh.xcodeproj */;
				},
			);
			projectRoot = "";
			targets = (
				98433A4C1D2D090B00E86747 /* Swift */,
			);
		};
/* End PBXProject section */

/* Begin PBXReferenceProxy section */
		980011EA1D2E6CEF00D6136C /* swift04 snapchatMenu.app */ = {
			isa = PBXReferenceProxy;
			fileType = wrapper.application;
			path = "swift04 snapchatMenu.app";
			remoteRef = 980011E91D2E6CEF00D6136C /* PBXContainerItemProxy */;
			sourceTree = BUILT_PRODUCTS_DIR;
		};
		9800122C1D2F716700D6136C /* swift05 roll view.app */ = {
			isa = PBXReferenceProxy;
			fileType = wrapper.application;
			path = "swift05 roll view.app";
			remoteRef = 9800122B1D2F716700D6136C /* PBXContainerItemProxy */;
			sourceTree = BUILT_PRODUCTS_DIR;
		};
		980012651D333C3400D6136C /* swift06 findMyLocation.app */ = {
			isa = PBXReferenceProxy;
			fileType = wrapper.application;
			path = "swift06 findMyLocation.app";
			remoteRef = 980012641D333C3400D6136C /* PBXContainerItemProxy */;
			sourceTree = BUILT_PRODUCTS_DIR;
		};
		98433A941D2D096200E86747 /* Swift01Timer.app */ = {
			isa = PBXReferenceProxy;
			fileType = wrapper.application;
			path = Swift01Timer.app;
			remoteRef = 98433A931D2D096200E86747 /* PBXContainerItemProxy */;
			sourceTree = BUILT_PRODUCTS_DIR;
		};
		98433AB81D2D097B00E86747 /* Swift02CustomFont.app */ = {
			isa = PBXReferenceProxy;
			fileType = wrapper.application;
			path = Swift02CustomFont.app;
			remoteRef = 98433AB71D2D097B00E86747 /* PBXContainerItemProxy */;
			sourceTree = BUILT_PRODUCTS_DIR;
		};
		98433B081D2E014500E86747 /* swift03video.app */ = {
			isa = PBXReferenceProxy;
			fileType = wrapper.application;
			path = swift03video.app;
			remoteRef = 98433B071D2E014500E86747 /* PBXContainerItemProxy */;
			sourceTree = BUILT_PRODUCTS_DIR;
		};
		98B906F41D339AF300878F20 /* swift07 pullToRefresh.app */ = {
			isa = PBXReferenceProxy;
			fileType = wrapper.application;
			path = "swift07 pullToRefresh.app";
			remoteRef = 98B906F31D339AF300878F20 /* PBXContainerItemProxy */;
			sourceTree = BUILT_PRODUCTS_DIR;
		};
/* End PBXReferenceProxy section */

/* Begin PBXResourcesBuildPhase section */
		98433A4B1D2D090B00E86747 /* Resources */ = {
			isa = PBXResourcesBuildPhase;
			buildActionMask = 2147483647;
			files = (
			);
			runOnlyForDeploymentPostprocessing = 0;
		};
/* End PBXResourcesBuildPhase section */

/* Begin PBXSourcesBuildPhase section */
		98433A491D2D090B00E86747 /* Sources */ = {
			isa = PBXSourcesBuildPhase;
			buildActionMask = 2147483647;
			files = (
			);
			runOnlyForDeploymentPostprocessing = 0;
		};
/* End PBXSourcesBuildPhase section */

/* Begin XCBuildConfiguration section */
		98433A5D1D2D090B00E86747 /* Debug */ = {
			isa = XCBuildConfiguration;
			buildSettings = {
				ALWAYS_SEARCH_USER_PATHS = NO;
				CLANG_CXX_LANGUAGE_STANDARD = "gnu++0x";
				CLANG_CXX_LIBRARY = "libc++";
				CLANG_ENABLE_MODULES = YES;
				CLANG_ENABLE_OBJC_ARC = YES;
				CLANG_WARN_BOOL_CONVERSION = YES;
				CLANG_WARN_CONSTANT_CONVERSION = YES;
				CLANG_WARN_DIRECT_OBJC_ISA_USAGE = YES_ERROR;
				CLANG_WARN_EMPTY_BODY = YES;
				CLANG_WARN_ENUM_CONVERSION = YES;
				CLANG_WARN_INT_CONVERSION = YES;
				CLANG_WARN_OBJC_ROOT_CLASS = YES_ERROR;
				CLANG_WARN_UNREACHABLE_CODE = YES;
				CLANG_WARN__DUPLICATE_METHOD_MATCH = YES;
				"CODE_SIGN_IDENTITY[sdk=iphoneos*]" = "iPhone Developer";
				COPY_PHASE_STRIP = NO;
				DEBUG_INFORMATION_FORMAT = dwarf;
				ENABLE_STRICT_OBJC_MSGSEND = YES;
				ENABLE_TESTABILITY = YES;
				GCC_C_LANGUAGE_STANDARD = gnu99;
				GCC_DYNAMIC_NO_PIC = NO;
				GCC_NO_COMMON_BLOCKS = YES;
				GCC_OPTIMIZATION_LEVEL = 0;
				GCC_PREPROCESSOR_DEFINITIONS = (
					"DEBUG=1",
					"$(inherited)",
				);
				GCC_WARN_64_TO_32_BIT_CONVERSION = YES;
				GCC_WARN_ABOUT_RETURN_TYPE = YES_ERROR;
				GCC_WARN_UNDECLARED_SELECTOR = YES;
				GCC_WARN_UNINITIALIZED_AUTOS = YES_AGGRESSIVE;
				GCC_WARN_UNUSED_FUNCTION = YES;
				GCC_WARN_UNUSED_VARIABLE = YES;
				IPHONEOS_DEPLOYMENT_TARGET = 8.1;
				MTL_ENABLE_DEBUG_INFO = YES;
				ONLY_ACTIVE_ARCH = YES;
				SDKROOT = iphoneos;
				SWIFT_OPTIMIZATION_LEVEL = "-Onone";
				TARGETED_DEVICE_FAMILY = "1,2";
			};
			name = Debug;
		};
		98433A5E1D2D090B00E86747 /* Release */ = {
			isa = XCBuildConfiguration;
			buildSettings = {
				ALWAYS_SEARCH_USER_PATHS = NO;
				CLANG_CXX_LANGUAGE_STANDARD = "gnu++0x";
				CLANG_CXX_LIBRARY = "libc++";
				CLANG_ENABLE_MODULES = YES;
				CLANG_ENABLE_OBJC_ARC = YES;
				CLANG_WARN_BOOL_CONVERSION = YES;
				CLANG_WARN_CONSTANT_CONVERSION = YES;
				CLANG_WARN_DIRECT_OBJC_ISA_USAGE = YES_ERROR;
				CLANG_WARN_EMPTY_BODY = YES;
				CLANG_WARN_ENUM_CONVERSION = YES;
				CLANG_WARN_INT_CONVERSION = YES;
				CLANG_WARN_OBJC_ROOT_CLASS = YES_ERROR;
				CLANG_WARN_UNREACHABLE_CODE = YES;
				CLANG_WARN__DUPLICATE_METHOD_MATCH = YES;
				"CODE_SIGN_IDENTITY[sdk=iphoneos*]" = "iPhone Developer";
				COPY_PHASE_STRIP = NO;
				DEBUG_INFORMATION_FORMAT = "dwarf-with-dsym";
				ENABLE_NS_ASSERTIONS = NO;
				ENABLE_STRICT_OBJC_MSGSEND = YES;
				GCC_C_LANGUAGE_STANDARD = gnu99;
				GCC_NO_COMMON_BLOCKS = YES;
				GCC_WARN_64_TO_32_BIT_CONVERSION = YES;
				GCC_WARN_ABOUT_RETURN_TYPE = YES_ERROR;
				GCC_WARN_UNDECLARED_SELECTOR = YES;
				GCC_WARN_UNINITIALIZED_AUTOS = YES_AGGRESSIVE;
				GCC_WARN_UNUSED_FUNCTION = YES;
				GCC_WARN_UNUSED_VARIABLE = YES;
				IPHONEOS_DEPLOYMENT_TARGET = 8.1;
				MTL_ENABLE_DEBUG_INFO = NO;
				SDKROOT = iphoneos;
				TARGETED_DEVICE_FAMILY = "1,2";
				VALIDATE_PRODUCT = YES;
			};
			name = Release;
		};
		98433A601D2D090B00E86747 /* Debug */ = {
			isa = XCBuildConfiguration;
			buildSettings = {
				ASSETCATALOG_COMPILER_APPICON_NAME = AppIcon;
				INFOPLIST_FILE = Swift/Info.plist;
				IPHONEOS_DEPLOYMENT_TARGET = 8.2;
				LD_RUNPATH_SEARCH_PATHS = "$(inherited) @executable_path/Frameworks";
				PRODUCT_BUNDLE_IDENTIFIER = AppariTT.Swift;
				PRODUCT_NAME = "$(TARGET_NAME)";
			};
			name = Debug;
		};
		98433A611D2D090B00E86747 /* Release */ = {
			isa = XCBuildConfiguration;
			buildSettings = {
				ASSETCATALOG_COMPILER_APPICON_NAME = AppIcon;
				INFOPLIST_FILE = Swift/Info.plist;
				IPHONEOS_DEPLOYMENT_TARGET = 8.2;
				LD_RUNPATH_SEARCH_PATHS = "$(inherited) @executable_path/Frameworks";
				PRODUCT_BUNDLE_IDENTIFIER = AppariTT.Swift;
				PRODUCT_NAME = "$(TARGET_NAME)";
			};
			name = Release;
		};
/* End XCBuildConfiguration section */

/* Begin XCConfigurationList section */
		98433A481D2D090B00E86747 /* Build configuration list for PBXProject "Swift" */ = {
			isa = XCConfigurationList;
			buildConfigurations = (
				98433A5D1D2D090B00E86747 /* Debug */,
				98433A5E1D2D090B00E86747 /* Release */,
			);
			defaultConfigurationIsVisible = 0;
			defaultConfigurationName = Release;
		};
		98433A5F1D2D090B00E86747 /* Build configuration list for PBXNativeTarget "Swift" */ = {
			isa = XCConfigurationList;
			buildConfigurations = (
				98433A601D2D090B00E86747 /* Debug */,
				98433A611D2D090B00E86747 /* Release */,
			);
			defaultConfigurationIsVisible = 0;
			defaultConfigurationName = Release;
		};
/* End XCConfigurationList section */
	};
	rootObject = 98433A451D2D090B00E86747 /* Project object */;
}
