// !$*UTF8*$!
{
	archiveVersion = 1;
	classes = {
	};
	objectVersion = 46;
	objects = {

/* Begin PBXContainerItemProxy section */
		980011E91D2E6CEF00D6136C /* PBXContainerItemProxy */ = {
			isa = PBXContainerItemProxy;
			containerPortal = 980011E21D2E6CEF00D6136C /* swift04 snapchatMenu.xcodeproj */;
			proxyType = 2;
			remoteGlobalIDString = 980011CD1D2E6CEE00D6136C;
			remoteInfo = "swift04 snapchatMenu";
		};
		9800122B1D2F716700D6136C /* PBXContainerItemProxy */ = {
			isa = PBXContainerItemProxy;
			containerPortal = 980012231D2F716700D6136C /* swift05 roll view.xcodeproj */;
			proxyType = 2;
			remoteGlobalIDString = 9800120E1D2F716700D6136C;
			remoteInfo = "swift05 roll view";
		};
		980012641D333C3400D6136C /* PBXContainerItemProxy */ = {
			isa = PBXContainerItemProxy;
			containerPortal = 9800125B1D333C3400D6136C /* swift06 findMyLocation.xcodeproj */;
			proxyType = 2;
			remoteGlobalIDString = 980012461D333C3400D6136C;
			remoteInfo = "swift06 findMyLocation";
		};
		981E5EA11D50890E00EAD2E8 /* PBXContainerItemProxy */ = {
			isa = PBXContainerItemProxy;
			containerPortal = 981E5E9D1D50890D00EAD2E8 /* swift20 collectionViewA.xcodeproj */;
			proxyType = 2;
			remoteGlobalIDString = 981E5E881D50890D00EAD2E8;
			remoteInfo = "swift20 collectionViewA";
		};
		98433A931D2D096200E86747 /* PBXContainerItemProxy */ = {
			isa = PBXContainerItemProxy;
			containerPortal = 98433A8F1D2D096100E86747 /* Swift01Timer.xcodeproj */;
			proxyType = 2;
			remoteGlobalIDString = 98433A7A1D2D096100E86747;
			remoteInfo = Swift01Timer;
		};
		98433AB71D2D097B00E86747 /* PBXContainerItemProxy */ = {
			isa = PBXContainerItemProxy;
			containerPortal = 98433AB31D2D097A00E86747 /* Swift02CustomFont.xcodeproj */;
			proxyType = 2;
			remoteGlobalIDString = 98433A9E1D2D097A00E86747;
			remoteInfo = Swift02CustomFont;
		};
		98433B071D2E014500E86747 /* PBXContainerItemProxy */ = {
			isa = PBXContainerItemProxy;
			containerPortal = 98433B011D2E014500E86747 /* swift03video.xcodeproj */;
			proxyType = 2;
			remoteGlobalIDString = 98433AEC1D2E014500E86747;
			remoteInfo = swift03video;
		};
		98B906F31D339AF300878F20 /* PBXContainerItemProxy */ = {
			isa = PBXContainerItemProxy;
			containerPortal = 98B906E91D339AF200878F20 /* swift07 pullToRefresh.xcodeproj */;
			proxyType = 2;
			remoteGlobalIDString = 98B906D41D339AF200878F20;
			remoteInfo = "swift07 pullToRefresh";
		};
		98B907271D34908100878F20 /* PBXContainerItemProxy */ = {
			isa = PBXContainerItemProxy;
			containerPortal = 98B9071C1D34908000878F20 /* swift08 randomColorization.xcodeproj */;
			proxyType = 2;
			remoteGlobalIDString = 98B907071D34908000878F20;
			remoteInfo = "swift08 randomColorization";
		};
		98B907671D3620B100878F20 /* PBXContainerItemProxy */ = {
			isa = PBXContainerItemProxy;
			containerPortal = 98B9075B1D3620B000878F20 /* swift09 ImageScrollerEffect.xcodeproj */;
			proxyType = 2;
			remoteGlobalIDString = 98B907461D3620B000878F20;
			remoteInfo = "swift09 ImageScrollerEffect";
		};
		98B9079F1D36342B00878F20 /* PBXContainerItemProxy */ = {
			isa = PBXContainerItemProxy;
			containerPortal = 98B907921D36342A00878F20 /* swift10 videoBG.xcodeproj */;
			proxyType = 2;
			remoteGlobalIDString = 98B9077D1D36342A00878F20;
			remoteInfo = "swift10 videoBG";
		};
		98B907F31D37408800878F20 /* PBXContainerItemProxy */ = {
			isa = PBXContainerItemProxy;
			containerPortal = 98B907E51D37408700878F20 /* swift11 clearTBCell.xcodeproj */;
			proxyType = 2;
			remoteGlobalIDString = 98B907D01D37408700878F20;
			remoteInfo = "swift11 clearTBCell";
		};
		98B908351D378E2700878F20 /* PBXContainerItemProxy */ = {
			isa = PBXContainerItemProxy;
			containerPortal = 98B908261D378E2700878F20 /* swift12.xcodeproj */;
			proxyType = 2;
			remoteGlobalIDString = 98B908111D378E2700878F20;
			remoteInfo = swift12;
		};
		98B9088A1D38896D00878F20 /* PBXContainerItemProxy */ = {
			isa = PBXContainerItemProxy;
			containerPortal = 98B9087A1D38896C00878F20 /* swift13.xcodeproj */;
			proxyType = 2;
			remoteGlobalIDString = 98B908651D38896C00878F20;
			remoteInfo = swift13;
		};
		98B908B21D38C47800878F20 /* PBXContainerItemProxy */ = {
			isa = PBXContainerItemProxy;
			containerPortal = 98B908AE1D38C47800878F20 /* swift14 EmojiMachine.xcodeproj */;
			proxyType = 2;
			remoteGlobalIDString = 98B908991D38C46000878F20;
			remoteInfo = "swift14 EmojiMachine";
		};
		98B909021D38CCBE00878F20 /* PBXContainerItemProxy */ = {
			isa = PBXContainerItemProxy;
			containerPortal = 98B908F01D38CCBD00878F20 /* swift15 animateSplash.xcodeproj */;
			proxyType = 2;
			remoteGlobalIDString = 98B908DB1D38CCBD00878F20;
			remoteInfo = "swift15 animateSplash";
		};
		98B909651D3C723B00878F20 /* PBXContainerItemProxy */ = {
			isa = PBXContainerItemProxy;
			containerPortal = 98B909521D3C723A00878F20 /* swift16 slideMenu.xcodeproj */;
			proxyType = 2;
			remoteGlobalIDString = 98B9093D1D3C723A00878F20;
			remoteInfo = "swift16 slideMenu";
		};
		98B90A4F1D3F0FA000878F20 /* PBXContainerItemProxy */ = {
			isa = PBXContainerItemProxy;
			containerPortal = 98B90A4B1D3F0F9F00878F20 /* swift17 tumblrMenu.xcodeproj */;
			proxyType = 2;
			remoteGlobalIDString = 98B90A361D3F0F9F00878F20;
			remoteInfo = "swift17 tumblrMenu";
		};
		98C67FB91D40CD5D009B0BDC /* PBXContainerItemProxy */ = {
			isa = PBXContainerItemProxy;
			containerPortal = 98C67FA41D40CD5C009B0BDC /* swift18 limitCharacter.xcodeproj */;
			proxyType = 2;
			remoteGlobalIDString = 98C67F8F1D40CD5C009B0BDC;
			remoteInfo = "swift18 limitCharacter";
		};
		98C67FE11D41B131009B0BDC /* PBXContainerItemProxy */ = {
			isa = PBXContainerItemProxy;
			containerPortal = 98C67FDD1D41B130009B0BDC /* swift19 customPullToRefresh.xcodeproj */;
			proxyType = 2;
			remoteGlobalIDString = 98C67FC81D41B130009B0BDC;
			remoteInfo = "swift19 customPullToRefresh";
		};
/* End PBXContainerItemProxy section */

/* Begin PBXFileReference section */
		980011E21D2E6CEF00D6136C /* swift04 snapchatMenu.xcodeproj */ = {isa = PBXFileReference; lastKnownFileType = "wrapper.pb-project"; name = "swift04 snapchatMenu.xcodeproj"; path = "swift04 snapchatMenu/swift04 snapchatMenu.xcodeproj"; sourceTree = "<group>"; };
		980012231D2F716700D6136C /* swift05 roll view.xcodeproj */ = {isa = PBXFileReference; lastKnownFileType = "wrapper.pb-project"; name = "swift05 roll view.xcodeproj"; path = "swift05 roll view/swift05 roll view.xcodeproj"; sourceTree = "<group>"; };
		9800125B1D333C3400D6136C /* swift06 findMyLocation.xcodeproj */ = {isa = PBXFileReference; lastKnownFileType = "wrapper.pb-project"; name = "swift06 findMyLocation.xcodeproj"; path = "swift06 findMyLocation/swift06 findMyLocation.xcodeproj"; sourceTree = "<group>"; };
		981E5E9D1D50890D00EAD2E8 /* swift20 collectionViewA.xcodeproj */ = {isa = PBXFileReference; lastKnownFileType = "wrapper.pb-project"; name = "swift20 collectionViewA.xcodeproj"; path = "swift20 collectionViewA/swift20 collectionViewA.xcodeproj"; sourceTree = "<group>"; };
		98316CAD1D52DD6200AAE4AC /* swift20 collectionViewA.app */ = {isa = PBXFileReference; explicitFileType = wrapper.application; includeInIndex = 0; name = "swift20 collectionViewA.app"; path = "/Users/muhu/Documents/Swift_SelfLearning/Swift/build/Debug-iphoneos/swift20 collectionViewA.app"; sourceTree = "<absolute>"; };
		98433A8F1D2D096100E86747 /* Swift01Timer.xcodeproj */ = {isa = PBXFileReference; lastKnownFileType = "wrapper.pb-project"; name = Swift01Timer.xcodeproj; path = Swift01Timer/Swift01Timer.xcodeproj; sourceTree = "<group>"; };
		98433AB31D2D097A00E86747 /* Swift02CustomFont.xcodeproj */ = {isa = PBXFileReference; lastKnownFileType = "wrapper.pb-project"; name = Swift02CustomFont.xcodeproj; path = Swift02CustomFont/Swift02CustomFont.xcodeproj; sourceTree = "<group>"; };
		98433ACA1D2D0A8200E86747 /* Swift.app */ = {isa = PBXFileReference; explicitFileType = wrapper.application; includeInIndex = 0; path = Swift.app; sourceTree = BUILT_PRODUCTS_DIR; };
		98433B011D2E014500E86747 /* swift03video.xcodeproj */ = {isa = PBXFileReference; lastKnownFileType = "wrapper.pb-project"; name = swift03video.xcodeproj; path = swift03video/swift03video.xcodeproj; sourceTree = "<group>"; };
		98B906E91D339AF200878F20 /* swift07 pullToRefresh.xcodeproj */ = {isa = PBXFileReference; lastKnownFileType = "wrapper.pb-project"; name = "swift07 pullToRefresh.xcodeproj"; path = "swift07 pullToRefresh/swift07 pullToRefresh.xcodeproj"; sourceTree = "<group>"; };
		98B9071C1D34908000878F20 /* swift08 randomColorization.xcodeproj */ = {isa = PBXFileReference; lastKnownFileType = "wrapper.pb-project"; name = "swift08 randomColorization.xcodeproj"; path = "swift08 randomColorization/swift08 randomColorization.xcodeproj"; sourceTree = "<group>"; };
		98B9075B1D3620B000878F20 /* swift09 ImageScrollerEffect.xcodeproj */ = {isa = PBXFileReference; lastKnownFileType = "wrapper.pb-project"; name = "swift09 ImageScrollerEffect.xcodeproj"; path = "swift09 ImageScrollerEffect/swift09 ImageScrollerEffect.xcodeproj"; sourceTree = "<group>"; };
		98B907921D36342A00878F20 /* swift10 videoBG.xcodeproj */ = {isa = PBXFileReference; lastKnownFileType = "wrapper.pb-project"; name = "swift10 videoBG.xcodeproj"; path = "swift10 videoBG/swift10 videoBG.xcodeproj"; sourceTree = "<group>"; };
		98B907E51D37408700878F20 /* swift11 clearTBCell.xcodeproj */ = {isa = PBXFileReference; lastKnownFileType = "wrapper.pb-project"; name = "swift11 clearTBCell.xcodeproj"; path = "swift11 clearTBCell/swift11 clearTBCell.xcodeproj"; sourceTree = "<group>"; };
		98B908261D378E2700878F20 /* swift12.xcodeproj */ = {isa = PBXFileReference; lastKnownFileType = "wrapper.pb-project"; name = swift12.xcodeproj; path = swift12/swift12.xcodeproj; sourceTree = "<group>"; };
		98B9087A1D38896C00878F20 /* swift13.xcodeproj */ = {isa = PBXFileReference; lastKnownFileType = "wrapper.pb-project"; name = swift13.xcodeproj; path = swift13/swift13.xcodeproj; sourceTree = "<group>"; };
		98B908AE1D38C47800878F20 /* swift14 EmojiMachine.xcodeproj */ = {isa = PBXFileReference; lastKnownFileType = "wrapper.pb-project"; name = "swift14 EmojiMachine.xcodeproj"; path = "swift14 EmojiMachine/swift14 EmojiMachine.xcodeproj"; sourceTree = "<group>"; };
		98B908F01D38CCBD00878F20 /* swift15 animateSplash.xcodeproj */ = {isa = PBXFileReference; lastKnownFileType = "wrapper.pb-project"; name = "swift15 animateSplash.xcodeproj"; path = "swift15 animateSplash/swift15 animateSplash.xcodeproj"; sourceTree = "<group>"; };
		98B909521D3C723A00878F20 /* swift16 slideMenu.xcodeproj */ = {isa = PBXFileReference; lastKnownFileType = "wrapper.pb-project"; name = "swift16 slideMenu.xcodeproj"; path = "swift16 slideMenu/swift16 slideMenu.xcodeproj"; sourceTree = "<group>"; };
		98B90A4B1D3F0F9F00878F20 /* swift17 tumblrMenu.xcodeproj */ = {isa = PBXFileReference; lastKnownFileType = "wrapper.pb-project"; name = "swift17 tumblrMenu.xcodeproj"; path = "swift17 tumblrMenu/swift17 tumblrMenu.xcodeproj"; sourceTree = "<group>"; };
		98C67FA41D40CD5C009B0BDC /* swift18 limitCharacter.xcodeproj */ = {isa = PBXFileReference; lastKnownFileType = "wrapper.pb-project"; name = "swift18 limitCharacter.xcodeproj"; path = "swift18 limitCharacter/swift18 limitCharacter.xcodeproj"; sourceTree = "<group>"; };
		98C67FDD1D41B130009B0BDC /* swift19 customPullToRefresh.xcodeproj */ = {isa = PBXFileReference; lastKnownFileType = "wrapper.pb-project"; name = "swift19 customPullToRefresh.xcodeproj"; path = "swift19 customPullToRefresh/swift19 customPullToRefresh.xcodeproj"; sourceTree = "<group>"; };
/* End PBXFileReference section */

/* Begin PBXFrameworksBuildPhase section */
		981E5E571D5088D800EAD2E8 /* Frameworks */ = {
			isa = PBXFrameworksBuildPhase;
			buildActionMask = 2147483647;
			files = (
			);
			runOnlyForDeploymentPostprocessing = 0;
		};
		98433A4A1D2D090B00E86747 /* Frameworks */ = {
			isa = PBXFrameworksBuildPhase;
			buildActionMask = 2147483647;
			files = (
			);
			runOnlyForDeploymentPostprocessing = 0;
		};
/* End PBXFrameworksBuildPhase section */

/* Begin PBXGroup section */
		980011E31D2E6CEF00D6136C /* Products */ = {
			isa = PBXGroup;
			children = (
				980011EA1D2E6CEF00D6136C /* swift04 snapchatMenu.app */,
			);
			name = Products;
			sourceTree = "<group>";
		};
		980012241D2F716700D6136C /* Products */ = {
			isa = PBXGroup;
			children = (
				9800122C1D2F716700D6136C /* swift05 roll view.app */,
			);
			name = Products;
			sourceTree = "<group>";
		};
		9800125C1D333C3400D6136C /* Products */ = {
			isa = PBXGroup;
			children = (
				980012651D333C3400D6136C /* swift06 findMyLocation.app */,
			);
			name = Products;
			sourceTree = "<group>";
		};
		981E5E9E1D50890D00EAD2E8 /* Products */ = {
			isa = PBXGroup;
			children = (
				981E5EA21D50890E00EAD2E8 /* swift20 collectionViewA.app */,
			);
			name = Products;
			sourceTree = "<group>";
		};
		98433A441D2D090B00E86747 = {
			isa = PBXGroup;
			children = (
				981E5E9D1D50890D00EAD2E8 /* swift20 collectionViewA.xcodeproj */,
				98C67FDD1D41B130009B0BDC /* swift19 customPullToRefresh.xcodeproj */,
				98C67FA41D40CD5C009B0BDC /* swift18 limitCharacter.xcodeproj */,
				98B90A4B1D3F0F9F00878F20 /* swift17 tumblrMenu.xcodeproj */,
				98B909521D3C723A00878F20 /* swift16 slideMenu.xcodeproj */,
				98B908F01D38CCBD00878F20 /* swift15 animateSplash.xcodeproj */,
				98B908AE1D38C47800878F20 /* swift14 EmojiMachine.xcodeproj */,
				98B9087A1D38896C00878F20 /* swift13.xcodeproj */,
				98B908261D378E2700878F20 /* swift12.xcodeproj */,
				98B907E51D37408700878F20 /* swift11 clearTBCell.xcodeproj */,
				98B907921D36342A00878F20 /* swift10 videoBG.xcodeproj */,
				98B9075B1D3620B000878F20 /* swift09 ImageScrollerEffect.xcodeproj */,
				98B9071C1D34908000878F20 /* swift08 randomColorization.xcodeproj */,
				98B906E91D339AF200878F20 /* swift07 pullToRefresh.xcodeproj */,
				9800125B1D333C3400D6136C /* swift06 findMyLocation.xcodeproj */,
				980012231D2F716700D6136C /* swift05 roll view.xcodeproj */,
				980011E21D2E6CEF00D6136C /* swift04 snapchatMenu.xcodeproj */,
				98433B011D2E014500E86747 /* swift03video.xcodeproj */,
				98433AB31D2D097A00E86747 /* Swift02CustomFont.xcodeproj */,
				98433A8F1D2D096100E86747 /* Swift01Timer.xcodeproj */,
				98433ACA1D2D0A8200E86747 /* Swift.app */,
			);
			sourceTree = "<group>";
		};
		98433A901D2D096100E86747 /* Products */ = {
			isa = PBXGroup;
			children = (
				98433A941D2D096200E86747 /* Swift01Timer.app */,
			);
			name = Products;
			sourceTree = "<group>";
		};
		98433AB41D2D097A00E86747 /* Products */ = {
			isa = PBXGroup;
			children = (
				98433AB81D2D097B00E86747 /* Swift02CustomFont.app */,
			);
			name = Products;
			sourceTree = "<group>";
		};
		98433B021D2E014500E86747 /* Products */ = {
			isa = PBXGroup;
			children = (
				98433B081D2E014500E86747 /* swift03video.app */,
			);
			name = Products;
			sourceTree = "<group>";
		};
		98B906EA1D339AF200878F20 /* Products */ = {
			isa = PBXGroup;
			children = (
				98B906F41D339AF300878F20 /* swift07 pullToRefresh.app */,
			);
			name = Products;
			sourceTree = "<group>";
		};
		98B9071D1D34908000878F20 /* Products */ = {
			isa = PBXGroup;
			children = (
				98B907281D34908100878F20 /* swift08 randomColorization.app */,
			);
			name = Products;
			sourceTree = "<group>";
		};
		98B9075C1D3620B000878F20 /* Products */ = {
			isa = PBXGroup;
			children = (
				98B907681D3620B100878F20 /* swift09 ImageScrollerEffect.app */,
			);
			name = Products;
			sourceTree = "<group>";
		};
		98B907931D36342A00878F20 /* Products */ = {
			isa = PBXGroup;
			children = (
				98B907A01D36342B00878F20 /* swift10 videoBG.app */,
			);
			name = Products;
			sourceTree = "<group>";
		};
		98B907E61D37408700878F20 /* Products */ = {
			isa = PBXGroup;
			children = (
				98B907F41D37408800878F20 /* swift11 clearTBCell.app */,
			);
			name = Products;
			sourceTree = "<group>";
		};
		98B908271D378E2700878F20 /* Products */ = {
			isa = PBXGroup;
			children = (
				98B908361D378E2700878F20 /* swift12.app */,
			);
			name = Products;
			sourceTree = "<group>";
		};
		98B9087B1D38896C00878F20 /* Products */ = {
			isa = PBXGroup;
			children = (
				98B9088B1D38896D00878F20 /* swift13.app */,
			);
			name = Products;
			sourceTree = "<group>";
		};
		98B908AF1D38C47800878F20 /* Products */ = {
			isa = PBXGroup;
			children = (
				98B908B31D38C47800878F20 /* swift14 EmojiMachine.app */,
			);
			name = Products;
			sourceTree = "<group>";
		};
		98B908F11D38CCBD00878F20 /* Products */ = {
			isa = PBXGroup;
			children = (
				98B909031D38CCBE00878F20 /* swift15 animateSplash.app */,
			);
			name = Products;
			sourceTree = "<group>";
		};
		98B909531D3C723A00878F20 /* Products */ = {
			isa = PBXGroup;
			children = (
				98B909661D3C723B00878F20 /* swift16 slideMenu.app */,
			);
			name = Products;
			sourceTree = "<group>";
		};
		98B90A4C1D3F0F9F00878F20 /* Products */ = {
			isa = PBXGroup;
			children = (
				98B90A501D3F0FA000878F20 /* swift17 tumblrMenu.app */,
			);
			name = Products;
			sourceTree = "<group>";
		};
		98C67FA51D40CD5C009B0BDC /* Products */ = {
			isa = PBXGroup;
			children = (
				98C67FBA1D40CD5D009B0BDC /* swift18 limitCharacter.app */,
			);
			name = Products;
			sourceTree = "<group>";
		};
		98C67FDE1D41B130009B0BDC /* Products */ = {
			isa = PBXGroup;
			children = (
				98C67FE21D41B131009B0BDC /* swift19 customPullToRefresh.app */,
			);
			name = Products;
			sourceTree = "<group>";
		};
/* End PBXGroup section */

/* Begin PBXNativeTarget section */
		981E5E591D5088D800EAD2E8 /* swift20 collectionViewA */ = {
			isa = PBXNativeTarget;
			buildConfigurationList = 981E5E7E1D5088D900EAD2E8 /* Build configuration list for PBXNativeTarget "swift20 collectionViewA" */;
			buildPhases = (
				981E5E561D5088D800EAD2E8 /* Sources */,
				981E5E571D5088D800EAD2E8 /* Frameworks */,
				981E5E581D5088D800EAD2E8 /* Resources */,
			);
			buildRules = (
			);
			dependencies = (
			);
			name = "swift20 collectionViewA";
			productName = "swift20 collectionViewA";
			productReference = 98316CAD1D52DD6200AAE4AC /* swift20 collectionViewA.app */;
			productType = "com.apple.product-type.application";
		};
		98433A4C1D2D090B00E86747 /* Swift */ = {
			isa = PBXNativeTarget;
			buildConfigurationList = 98433A5F1D2D090B00E86747 /* Build configuration list for PBXNativeTarget "Swift" */;
			buildPhases = (
				98433A491D2D090B00E86747 /* Sources */,
				98433A4A1D2D090B00E86747 /* Frameworks */,
				98433A4B1D2D090B00E86747 /* Resources */,
			);
			buildRules = (
			);
			dependencies = (
			);
			name = Swift;
			productName = Swift;
			productReference = 98433ACA1D2D0A8200E86747 /* Swift.app */;
			productType = "com.apple.product-type.application";
		};
/* End PBXNativeTarget section */

/* Begin PBXProject section */
		98433A451D2D090B00E86747 /* Project object */ = {
			isa = PBXProject;
			attributes = {
				LastSwiftUpdateCheck = 0720;
				LastUpgradeCheck = 0720;
				ORGANIZATIONNAME = Aaron;
				TargetAttributes = {
					981E5E591D5088D800EAD2E8 = {
						CreatedOnToolsVersion = 7.2;
					};
					98433A4C1D2D090B00E86747 = {
						CreatedOnToolsVersion = 7.2;
					};
				};
			};
			buildConfigurationList = 98433A481D2D090B00E86747 /* Build configuration list for PBXProject "Swift" */;
			compatibilityVersion = "Xcode 3.2";
			developmentRegion = English;
			hasScannedForEncodings = 0;
			knownRegions = (
				en,
				Base,
			);
			mainGroup = 98433A441D2D090B00E86747;
			productRefGroup = 98433A441D2D090B00E86747;
			projectDirPath = "";
			projectReferences = (
				{
					ProductGroup = 98433A901D2D096100E86747 /* Products */;
					ProjectRef = 98433A8F1D2D096100E86747 /* Swift01Timer.xcodeproj */;
				},
				{
					ProductGroup = 98433AB41D2D097A00E86747 /* Products */;
					ProjectRef = 98433AB31D2D097A00E86747 /* Swift02CustomFont.xcodeproj */;
				},
				{
					ProductGroup = 98433B021D2E014500E86747 /* Products */;
					ProjectRef = 98433B011D2E014500E86747 /* swift03video.xcodeproj */;
				},
				{
					ProductGroup = 980011E31D2E6CEF00D6136C /* Products */;
					ProjectRef = 980011E21D2E6CEF00D6136C /* swift04 snapchatMenu.xcodeproj */;
				},
				{
					ProductGroup = 980012241D2F716700D6136C /* Products */;
					ProjectRef = 980012231D2F716700D6136C /* swift05 roll view.xcodeproj */;
				},
				{
					ProductGroup = 9800125C1D333C3400D6136C /* Products */;
					ProjectRef = 9800125B1D333C3400D6136C /* swift06 findMyLocation.xcodeproj */;
				},
				{
					ProductGroup = 98B906EA1D339AF200878F20 /* Products */;
					ProjectRef = 98B906E91D339AF200878F20 /* swift07 pullToRefresh.xcodeproj */;
				},
				{
					ProductGroup = 98B9071D1D34908000878F20 /* Products */;
					ProjectRef = 98B9071C1D34908000878F20 /* swift08 randomColorization.xcodeproj */;
				},
				{
					ProductGroup = 98B9075C1D3620B000878F20 /* Products */;
					ProjectRef = 98B9075B1D3620B000878F20 /* swift09 ImageScrollerEffect.xcodeproj */;
				},
				{
					ProductGroup = 98B907931D36342A00878F20 /* Products */;
					ProjectRef = 98B907921D36342A00878F20 /* swift10 videoBG.xcodeproj */;
				},
				{
					ProductGroup = 98B907E61D37408700878F20 /* Products */;
					ProjectRef = 98B907E51D37408700878F20 /* swift11 clearTBCell.xcodeproj */;
				},
				{
					ProductGroup = 98B908271D378E2700878F20 /* Products */;
					ProjectRef = 98B908261D378E2700878F20 /* swift12.xcodeproj */;
				},
				{
					ProductGroup = 98B9087B1D38896C00878F20 /* Products */;
					ProjectRef = 98B9087A1D38896C00878F20 /* swift13.xcodeproj */;
				},
				{
					ProductGroup = 98B908AF1D38C47800878F20 /* Products */;
					ProjectRef = 98B908AE1D38C47800878F20 /* swift14 EmojiMachine.xcodeproj */;
				},
				{
					ProductGroup = 98B908F11D38CCBD00878F20 /* Products */;
					ProjectRef = 98B908F01D38CCBD00878F20 /* swift15 animateSplash.xcodeproj */;
				},
				{
					ProductGroup = 98B909531D3C723A00878F20 /* Products */;
					ProjectRef = 98B909521D3C723A00878F20 /* swift16 slideMenu.xcodeproj */;
				},
				{
					ProductGroup = 98B90A4C1D3F0F9F00878F20 /* Products */;
					ProjectRef = 98B90A4B1D3F0F9F00878F20 /* swift17 tumblrMenu.xcodeproj */;
				},
				{
					ProductGroup = 98C67FA51D40CD5C009B0BDC /* Products */;
					ProjectRef = 98C67FA41D40CD5C009B0BDC /* swift18 limitCharacter.xcodeproj */;
				},
				{
					ProductGroup = 98C67FDE1D41B130009B0BDC /* Products */;
					ProjectRef = 98C67FDD1D41B130009B0BDC /* swift19 customPullToRefresh.xcodeproj */;
				},
				{
					ProductGroup = 981E5E9E1D50890D00EAD2E8 /* Products */;
					ProjectRef = 981E5E9D1D50890D00EAD2E8 /* swift20 collectionViewA.xcodeproj */;
				},
			);
			projectRoot = "";
			targets = (
				98433A4C1D2D090B00E86747 /* Swift */,
				981E5E591D5088D800EAD2E8 /* swift20 collectionViewA */,
			);
		};
/* End PBXProject section */

/* Begin PBXReferenceProxy section */
		980011EA1D2E6CEF00D6136C /* swift04 snapchatMenu.app */ = {
			isa = PBXReferenceProxy;
			fileType = wrapper.application;
			path = "swift04 snapchatMenu.app";
			remoteRef = 980011E91D2E6CEF00D6136C /* PBXContainerItemProxy */;
			sourceTree = BUILT_PRODUCTS_DIR;
		};
		9800122C1D2F716700D6136C /* swift05 roll view.app */ = {
			isa = PBXReferenceProxy;
			fileType = wrapper.application;
			path = "swift05 roll view.app";
			remoteRef = 9800122B1D2F716700D6136C /* PBXContainerItemProxy */;
			sourceTree = BUILT_PRODUCTS_DIR;
		};
		980012651D333C3400D6136C /* swift06 findMyLocation.app */ = {
			isa = PBXReferenceProxy;
			fileType = wrapper.application;
			path = "swift06 findMyLocation.app";
			remoteRef = 980012641D333C3400D6136C /* PBXContainerItemProxy */;
			sourceTree = BUILT_PRODUCTS_DIR;
		};
		981E5EA21D50890E00EAD2E8 /* swift20 collectionViewA.app */ = {
			isa = PBXReferenceProxy;
			fileType = wrapper.application;
			path = "swift20 collectionViewA.app";
			remoteRef = 981E5EA11D50890E00EAD2E8 /* PBXContainerItemProxy */;
			sourceTree = BUILT_PRODUCTS_DIR;
		};
		98433A941D2D096200E86747 /* Swift01Timer.app */ = {
			isa = PBXReferenceProxy;
			fileType = wrapper.application;
			path = Swift01Timer.app;
			remoteRef = 98433A931D2D096200E86747 /* PBXContainerItemProxy */;
			sourceTree = BUILT_PRODUCTS_DIR;
		};
		98433AB81D2D097B00E86747 /* Swift02CustomFont.app */ = {
			isa = PBXReferenceProxy;
			fileType = wrapper.application;
			path = Swift02CustomFont.app;
			remoteRef = 98433AB71D2D097B00E86747 /* PBXContainerItemProxy */;
			sourceTree = BUILT_PRODUCTS_DIR;
		};
		98433B081D2E014500E86747 /* swift03video.app */ = {
			isa = PBXReferenceProxy;
			fileType = wrapper.application;
			path = swift03video.app;
			remoteRef = 98433B071D2E014500E86747 /* PBXContainerItemProxy */;
			sourceTree = BUILT_PRODUCTS_DIR;
		};
		98B906F41D339AF300878F20 /* swift07 pullToRefresh.app */ = {
			isa = PBXReferenceProxy;
			fileType = wrapper.application;
			path = "swift07 pullToRefresh.app";
			remoteRef = 98B906F31D339AF300878F20 /* PBXContainerItemProxy */;
			sourceTree = BUILT_PRODUCTS_DIR;
		};
		98B907281D34908100878F20 /* swift08 randomColorization.app */ = {
			isa = PBXReferenceProxy;
			fileType = wrapper.application;
			path = "swift08 randomColorization.app";
			remoteRef = 98B907271D34908100878F20 /* PBXContainerItemProxy */;
			sourceTree = BUILT_PRODUCTS_DIR;
		};
		98B907681D3620B100878F20 /* swift09 ImageScrollerEffect.app */ = {
			isa = PBXReferenceProxy;
			fileType = wrapper.application;
			path = "swift09 ImageScrollerEffect.app";
			remoteRef = 98B907671D3620B100878F20 /* PBXContainerItemProxy */;
			sourceTree = BUILT_PRODUCTS_DIR;
		};
		98B907A01D36342B00878F20 /* swift10 videoBG.app */ = {
			isa = PBXReferenceProxy;
			fileType = wrapper.application;
			path = "swift10 videoBG.app";
			remoteRef = 98B9079F1D36342B00878F20 /* PBXContainerItemProxy */;
			sourceTree = BUILT_PRODUCTS_DIR;
		};
		98B907F41D37408800878F20 /* swift11 clearTBCell.app */ = {
			isa = PBXReferenceProxy;
			fileType = wrapper.application;
			path = "swift11 clearTBCell.app";
			remoteRef = 98B907F31D37408800878F20 /* PBXContainerItemProxy */;
			sourceTree = BUILT_PRODUCTS_DIR;
		};
		98B908361D378E2700878F20 /* swift12.app */ = {
			isa = PBXReferenceProxy;
			fileType = wrapper.application;
			path = swift12.app;
			remoteRef = 98B908351D378E2700878F20 /* PBXContainerItemProxy */;
			sourceTree = BUILT_PRODUCTS_DIR;
		};
		98B9088B1D38896D00878F20 /* swift13.app */ = {
			isa = PBXReferenceProxy;
			fileType = wrapper.application;
			path = swift13.app;
			remoteRef = 98B9088A1D38896D00878F20 /* PBXContainerItemProxy */;
			sourceTree = BUILT_PRODUCTS_DIR;
		};
		98B908B31D38C47800878F20 /* swift14 EmojiMachine.app */ = {
			isa = PBXReferenceProxy;
			fileType = wrapper.application;
			path = "swift14 EmojiMachine.app";
			remoteRef = 98B908B21D38C47800878F20 /* PBXContainerItemProxy */;
			sourceTree = BUILT_PRODUCTS_DIR;
		};
		98B909031D38CCBE00878F20 /* swift15 animateSplash.app */ = {
			isa = PBXReferenceProxy;
			fileType = wrapper.application;
			path = "swift15 animateSplash.app";
			remoteRef = 98B909021D38CCBE00878F20 /* PBXContainerItemProxy */;
			sourceTree = BUILT_PRODUCTS_DIR;
		};
		98B909661D3C723B00878F20 /* swift16 slideMenu.app */ = {
			isa = PBXReferenceProxy;
			fileType = wrapper.application;
			path = "swift16 slideMenu.app";
			remoteRef = 98B909651D3C723B00878F20 /* PBXContainerItemProxy */;
			sourceTree = BUILT_PRODUCTS_DIR;
		};
		98B90A501D3F0FA000878F20 /* swift17 tumblrMenu.app */ = {
			isa = PBXReferenceProxy;
			fileType = wrapper.application;
			path = "swift17 tumblrMenu.app";
			remoteRef = 98B90A4F1D3F0FA000878F20 /* PBXContainerItemProxy */;
			sourceTree = BUILT_PRODUCTS_DIR;
		};
		98C67FBA1D40CD5D009B0BDC /* swift18 limitCharacter.app */ = {
			isa = PBXReferenceProxy;
			fileType = wrapper.application;
			path = "swift18 limitCharacter.app";
			remoteRef = 98C67FB91D40CD5D009B0BDC /* PBXContainerItemProxy */;
			sourceTree = BUILT_PRODUCTS_DIR;
		};
		98C67FE21D41B131009B0BDC /* swift19 customPullToRefresh.app */ = {
			isa = PBXReferenceProxy;
			fileType = wrapper.application;
			path = "swift19 customPullToRefresh.app";
			remoteRef = 98C67FE11D41B131009B0BDC /* PBXContainerItemProxy */;
			sourceTree = BUILT_PRODUCTS_DIR;
		};
/* End PBXReferenceProxy section */

/* Begin PBXResourcesBuildPhase section */
		981E5E581D5088D800EAD2E8 /* Resources */ = {
			isa = PBXResourcesBuildPhase;
			buildActionMask = 2147483647;
			files = (
			);
			runOnlyForDeploymentPostprocessing = 0;
		};
		98433A4B1D2D090B00E86747 /* Resources */ = {
			isa = PBXResourcesBuildPhase;
			buildActionMask = 2147483647;
			files = (
			);
			runOnlyForDeploymentPostprocessing = 0;
		};
/* End PBXResourcesBuildPhase section */

/* Begin PBXSourcesBuildPhase section */
		981E5E561D5088D800EAD2E8 /* Sources */ = {
			isa = PBXSourcesBuildPhase;
			buildActionMask = 2147483647;
			files = (
			);
			runOnlyForDeploymentPostprocessing = 0;
		};
		98433A491D2D090B00E86747 /* Sources */ = {
			isa = PBXSourcesBuildPhase;
			buildActionMask = 2147483647;
			files = (
			);
			runOnlyForDeploymentPostprocessing = 0;
		};
/* End PBXSourcesBuildPhase section */

/* Begin XCBuildConfiguration section */
		981E5E691D5088D800EAD2E8 /* Debug */ = {
			isa = XCBuildConfiguration;
			buildSettings = {
				ASSETCATALOG_COMPILER_APPICON_NAME = AppIcon;
				CLANG_ENABLE_MODULES = YES;
				INFOPLIST_FILE = "swift20 collectionViewA/Info.plist";
				IPHONEOS_DEPLOYMENT_TARGET = 9.2;
				LD_RUNPATH_SEARCH_PATHS = "$(inherited) @executable_path/Frameworks";
				PRODUCT_BUNDLE_IDENTIFIER = "AppariTT.swift20-collectionViewA";
				PRODUCT_NAME = "$(TARGET_NAME)";
				SWIFT_OPTIMIZATION_LEVEL = "-Onone";
			};
			name = Debug;
		};
		981E5E6A1D5088D800EAD2E8 /* Release */ = {
			isa = XCBuildConfiguration;
			buildSettings = {
				ASSETCATALOG_COMPILER_APPICON_NAME = AppIcon;
				CLANG_ENABLE_MODULES = YES;
				INFOPLIST_FILE = "swift20 collectionViewA/Info.plist";
				IPHONEOS_DEPLOYMENT_TARGET = 9.2;
				LD_RUNPATH_SEARCH_PATHS = "$(inherited) @executable_path/Frameworks";
				PRODUCT_BUNDLE_IDENTIFIER = "AppariTT.swift20-collectionViewA";
				PRODUCT_NAME = "$(TARGET_NAME)";
			};
			name = Release;
		};
		98433A5D1D2D090B00E86747 /* Debug */ = {
			isa = XCBuildConfiguration;
			buildSettings = {
				ALWAYS_SEARCH_USER_PATHS = NO;
				CLANG_CXX_LANGUAGE_STANDARD = "gnu++0x";
				CLANG_CXX_LIBRARY = "libc++";
				CLANG_ENABLE_MODULES = YES;
				CLANG_ENABLE_OBJC_ARC = YES;
				CLANG_WARN_BOOL_CONVERSION = YES;
				CLANG_WARN_CONSTANT_CONVERSION = YES;
				CLANG_WARN_DIRECT_OBJC_ISA_USAGE = YES_ERROR;
				CLANG_WARN_EMPTY_BODY = YES;
				CLANG_WARN_ENUM_CONVERSION = YES;
				CLANG_WARN_INT_CONVERSION = YES;
				CLANG_WARN_OBJC_ROOT_CLASS = YES_ERROR;
				CLANG_WARN_UNREACHABLE_CODE = YES;
				CLANG_WARN__DUPLICATE_METHOD_MATCH = YES;
				"CODE_SIGN_IDENTITY[sdk=iphoneos*]" = "iPhone Developer";
				COPY_PHASE_STRIP = NO;
				DEBUG_INFORMATION_FORMAT = dwarf;
				ENABLE_STRICT_OBJC_MSGSEND = YES;
				ENABLE_TESTABILITY = YES;
				GCC_C_LANGUAGE_STANDARD = gnu99;
				GCC_DYNAMIC_NO_PIC = NO;
				GCC_NO_COMMON_BLOCKS = YES;
				GCC_OPTIMIZATION_LEVEL = 0;
				GCC_PREPROCESSOR_DEFINITIONS = (
					"DEBUG=1",
					"$(inherited)",
				);
				GCC_WARN_64_TO_32_BIT_CONVERSION = YES;
				GCC_WARN_ABOUT_RETURN_TYPE = YES_ERROR;
				GCC_WARN_UNDECLARED_SELECTOR = YES;
				GCC_WARN_UNINITIALIZED_AUTOS = YES_AGGRESSIVE;
				GCC_WARN_UNUSED_FUNCTION = YES;
				GCC_WARN_UNUSED_VARIABLE = YES;
				IPHONEOS_DEPLOYMENT_TARGET = 8.1;
				MTL_ENABLE_DEBUG_INFO = YES;
				ONLY_ACTIVE_ARCH = YES;
				SDKROOT = iphoneos;
				SWIFT_OPTIMIZATION_LEVEL = "-Onone";
				TARGETED_DEVICE_FAMILY = "1,2";
			};
			name = Debug;
		};
		98433A5E1D2D090B00E86747 /* Release */ = {
			isa = XCBuildConfiguration;
			buildSettings = {
				ALWAYS_SEARCH_USER_PATHS = NO;
				CLANG_CXX_LANGUAGE_STANDARD = "gnu++0x";
				CLANG_CXX_LIBRARY = "libc++";
				CLANG_ENABLE_MODULES = YES;
				CLANG_ENABLE_OBJC_ARC = YES;
				CLANG_WARN_BOOL_CONVERSION = YES;
				CLANG_WARN_CONSTANT_CONVERSION = YES;
				CLANG_WARN_DIRECT_OBJC_ISA_USAGE = YES_ERROR;
				CLANG_WARN_EMPTY_BODY = YES;
				CLANG_WARN_ENUM_CONVERSION = YES;
				CLANG_WARN_INT_CONVERSION = YES;
				CLANG_WARN_OBJC_ROOT_CLASS = YES_ERROR;
				CLANG_WARN_UNREACHABLE_CODE = YES;
				CLANG_WARN__DUPLICATE_METHOD_MATCH = YES;
				"CODE_SIGN_IDENTITY[sdk=iphoneos*]" = "iPhone Developer";
				COPY_PHASE_STRIP = NO;
				DEBUG_INFORMATION_FORMAT = "dwarf-with-dsym";
				ENABLE_NS_ASSERTIONS = NO;
				ENABLE_STRICT_OBJC_MSGSEND = YES;
				GCC_C_LANGUAGE_STANDARD = gnu99;
				GCC_NO_COMMON_BLOCKS = YES;
				GCC_WARN_64_TO_32_BIT_CONVERSION = YES;
				GCC_WARN_ABOUT_RETURN_TYPE = YES_ERROR;
				GCC_WARN_UNDECLARED_SELECTOR = YES;
				GCC_WARN_UNINITIALIZED_AUTOS = YES_AGGRESSIVE;
				GCC_WARN_UNUSED_FUNCTION = YES;
				GCC_WARN_UNUSED_VARIABLE = YES;
				IPHONEOS_DEPLOYMENT_TARGET = 8.1;
				MTL_ENABLE_DEBUG_INFO = NO;
				SDKROOT = iphoneos;
				TARGETED_DEVICE_FAMILY = "1,2";
				VALIDATE_PRODUCT = YES;
			};
			name = Release;
		};
		98433A601D2D090B00E86747 /* Debug */ = {
			isa = XCBuildConfiguration;
			buildSettings = {
				ASSETCATALOG_COMPILER_APPICON_NAME = AppIcon;
				CLANG_ENABLE_MODULES = YES;
				INFOPLIST_FILE = Swift/Info.plist;
				IPHONEOS_DEPLOYMENT_TARGET = 8.2;
				LD_RUNPATH_SEARCH_PATHS = "$(inherited) @executable_path/Frameworks";
				PRODUCT_BUNDLE_IDENTIFIER = AppariTT.Swift;
				PRODUCT_NAME = "$(TARGET_NAME)";
				SWIFT_OPTIMIZATION_LEVEL = "-Onone";
			};
			name = Debug;
		};
		98433A611D2D090B00E86747 /* Release */ = {
			isa = XCBuildConfiguration;
			buildSettings = {
				ASSETCATALOG_COMPILER_APPICON_NAME = AppIcon;
				CLANG_ENABLE_MODULES = YES;
				INFOPLIST_FILE = Swift/Info.plist;
				IPHONEOS_DEPLOYMENT_TARGET = 8.2;
				LD_RUNPATH_SEARCH_PATHS = "$(inherited) @executable_path/Frameworks";
				PRODUCT_BUNDLE_IDENTIFIER = AppariTT.Swift;
				PRODUCT_NAME = "$(TARGET_NAME)";
			};
			name = Release;
		};
/* End XCBuildConfiguration section */

/* Begin XCConfigurationList section */
		981E5E7E1D5088D900EAD2E8 /* Build configuration list for PBXNativeTarget "swift20 collectionViewA" */ = {
			isa = XCConfigurationList;
			buildConfigurations = (
				981E5E691D5088D800EAD2E8 /* Debug */,
				981E5E6A1D5088D800EAD2E8 /* Release */,
			);
			defaultConfigurationIsVisible = 0;
			defaultConfigurationName = Release;
		};
		98433A481D2D090B00E86747 /* Build configuration list for PBXProject "Swift" */ = {
			isa = XCConfigurationList;
			buildConfigurations = (
				98433A5D1D2D090B00E86747 /* Debug */,
				98433A5E1D2D090B00E86747 /* Release */,
			);
			defaultConfigurationIsVisible = 0;
			defaultConfigurationName = Release;
		};
		98433A5F1D2D090B00E86747 /* Build configuration list for PBXNativeTarget "Swift" */ = {
			isa = XCConfigurationList;
			buildConfigurations = (
				98433A601D2D090B00E86747 /* Debug */,
				98433A611D2D090B00E86747 /* Release */,
			);
			defaultConfigurationIsVisible = 0;
			defaultConfigurationName = Release;
		};
/* End XCConfigurationList section */
	};
	rootObject = 98433A451D2D090B00E86747 /* Project object */;
}
