// !$*UTF8*$!
{
	archiveVersion = 1;
	classes = {
	};
	objectVersion = 46;
	objects = {

/* Begin PBXBuildFile section */
		98B908151D378E2700878F20 /* AppDelegate.swift in Sources */ = {isa = PBXBuildFile; fileRef = 98B908141D378E2700878F20 /* AppDelegate.swift */; };
		98B908171D378E2700878F20 /* ViewController.swift in Sources */ = {isa = PBXBuildFile; fileRef = 98B908161D378E2700878F20 /* ViewController.swift */; };
		98B9081A1D378E2700878F20 /* Main.storyboard in Resources */ = {isa = PBXBuildFile; fileRef = 98B908181D378E2700878F20 /* Main.storyboard */; };
		98B9081C1D378E2700878F20 /* Assets.xcassets in Resources */ = {isa = PBXBuildFile; fileRef = 98B9081B1D378E2700878F20 /* Assets.xcassets */; };
		98B9081F1D378E2700878F20 /* LaunchScreen.storyboard in Resources */ = {isa = PBXBuildFile; fileRef = 98B9081D1D378E2700878F20 /* LaunchScreen.storyboard */; };
		98B9085B1D38893F00878F20 /* 12.gif in Resources */ = {isa = PBXBuildFile; fileRef = 98B9085A1D38893F00878F20 /* 12.gif */; };
/* End PBXBuildFile section */

/* Begin PBXFileReference section */
		98B908111D378E2700878F20 /* swift12.app */ = {isa = PBXFileReference; explicitFileType = wrapper.application; includeInIndex = 0; path = swift12.app; sourceTree = BUILT_PRODUCTS_DIR; };
		98B908141D378E2700878F20 /* AppDelegate.swift */ = {isa = PBXFileReference; lastKnownFileType = sourcecode.swift; path = AppDelegate.swift; sourceTree = "<group>"; };
		98B908161D378E2700878F20 /* ViewController.swift */ = {isa = PBXFileReference; lastKnownFileType = sourcecode.swift; path = ViewController.swift; sourceTree = "<group>"; };
		98B908191D378E2700878F20 /* Base */ = {isa = PBXFileReference; lastKnownFileType = file.storyboard; name = Base; path = Base.lproj/Main.storyboard; sourceTree = "<group>"; };
		98B9081B1D378E2700878F20 /* Assets.xcassets */ = {isa = PBXFileReference; lastKnownFileType = folder.assetcatalog; path = Assets.xcassets; sourceTree = "<group>"; };
		98B9081E1D378E2700878F20 /* Base */ = {isa = PBXFileReference; lastKnownFileType = file.storyboard; name = Base; path = Base.lproj/LaunchScreen.storyboard; sourceTree = "<group>"; };
		98B908201D378E2700878F20 /* Info.plist */ = {isa = PBXFileReference; lastKnownFileType = text.plist.xml; path = Info.plist; sourceTree = "<group>"; };
		98B9085A1D38893F00878F20 /* 12.gif */ = {isa = PBXFileReference; lastKnownFileType = image.gif; path = 12.gif; sourceTree = "<group>"; };
/* End PBXFileReference section */

/* Begin PBXFrameworksBuildPhase section */
		98B9080E1D378E2700878F20 /* Frameworks */ = {
			isa = PBXFrameworksBuildPhase;
			buildActionMask = 2147483647;
			files = (
			);
			runOnlyForDeploymentPostprocessing = 0;
		};
/* End PBXFrameworksBuildPhase section */

/* Begin PBXGroup section */
		98B908081D378E2700878F20 = {
			isa = PBXGroup;
			children = (
				98B908131D378E2700878F20 /* swift12 */,
				98B908121D378E2700878F20 /* Products */,
			);
			sourceTree = "<group>";
		};
		98B908121D378E2700878F20 /* Products */ = {
			isa = PBXGroup;
			children = (
				98B908111D378E2700878F20 /* swift12.app */,
			);
			name = Products;
			sourceTree = "<group>";
		};
		98B908131D378E2700878F20 /* swift12 */ = {
			isa = PBXGroup;
			children = (
				98B908141D378E2700878F20 /* AppDelegate.swift */,
				98B908161D378E2700878F20 /* ViewController.swift */,
				98B9085A1D38893F00878F20 /* 12.gif */,
				98B908181D378E2700878F20 /* Main.storyboard */,
				98B9081B1D378E2700878F20 /* Assets.xcassets */,
				98B9081D1D378E2700878F20 /* LaunchScreen.storyboard */,
				98B908201D378E2700878F20 /* Info.plist */,
			);
			path = swift12;
			sourceTree = "<group>";
		};
/* End PBXGroup section */

/* Begin PBXNativeTarget section */
		98B908101D378E2700878F20 /* swift12 */ = {
			isa = PBXNativeTarget;
			buildConfigurationList = 98B908231D378E2700878F20 /* Build configuration list for PBXNativeTarget "swift12" */;
			buildPhases = (
				98B9080D1D378E2700878F20 /* Sources */,
				98B9080E1D378E2700878F20 /* Frameworks */,
				98B9080F1D378E2700878F20 /* Resources */,
			);
			buildRules = (
			);
			dependencies = (
			);
			name = swift12;
			productName = swift12;
			productReference = 98B908111D378E2700878F20 /* swift12.app */;
			productType = "com.apple.product-type.application";
		};
/* End PBXNativeTarget section */

/* Begin PBXProject section */
		98B908091D378E2700878F20 /* Project object */ = {
			isa = PBXProject;
			attributes = {
				LastSwiftUpdateCheck = 0720;
				LastUpgradeCheck = 0720;
				ORGANIZATIONNAME = Aaron;
				TargetAttributes = {
					98B908101D378E2700878F20 = {
						CreatedOnToolsVersion = 7.2;
					};
				};
			};
			buildConfigurationList = 98B9080C1D378E2700878F20 /* Build configuration list for PBXProject "swift12" */;
			compatibilityVersion = "Xcode 3.2";
			developmentRegion = English;
			hasScannedForEncodings = 0;
			knownRegions = (
				en,
				Base,
			);
			mainGroup = 98B908081D378E2700878F20;
			productRefGroup = 98B908121D378E2700878F20 /* Products */;
			projectDirPath = "";
			projectRoot = "";
			targets = (
				98B908101D378E2700878F20 /* swift12 */,
			);
		};
/* End PBXProject section */

/* Begin PBXResourcesBuildPhase section */
		98B9080F1D378E2700878F20 /* Resources */ = {
			isa = PBXResourcesBuildPhase;
			buildActionMask = 2147483647;
			files = (
				98B9081F1D378E2700878F20 /* LaunchScreen.storyboard in Resources */,
				98B9085B1D38893F00878F20 /* 12.gif in Resources */,
				98B9081C1D378E2700878F20 /* Assets.xcassets in Resources */,
				98B9081A1D378E2700878F20 /* Main.storyboard in Resources */,
			);
			runOnlyForDeploymentPostprocessing = 0;
		};
/* End PBXResourcesBuildPhase section */

/* Begin PBXSourcesBuildPhase section */
		98B9080D1D378E2700878F20 /* Sources */ = {
			isa = PBXSourcesBuildPhase;
			buildActionMask = 2147483647;
			files = (
				98B908171D378E2700878F20 /* ViewController.swift in Sources */,
				98B908151D378E2700878F20 /* AppDelegate.swift in Sources */,
			);
			runOnlyForDeploymentPostprocessing = 0;
		};
/* End PBXSourcesBuildPhase section */

/* Begin PBXVariantGroup section */
		98B908181D378E2700878F20 /* Main.storyboard */ = {
			isa = PBXVariantGroup;
			children = (
				98B908191D378E2700878F20 /* Base */,
			);
			name = Main.storyboard;
			sourceTree = "<group>";
		};
		98B9081D1D378E2700878F20 /* LaunchScreen.storyboard */ = {
			isa = PBXVariantGroup;
			children = (
				98B9081E1D378E2700878F20 /* Base */,
			);
			name = LaunchScreen.storyboard;
			sourceTree = "<group>";
		};
/* End PBXVariantGroup section */

/* Begin XCBuildConfiguration section */
		98B908211D378E2700878F20 /* Debug */ = {
			isa = XCBuildConfiguration;
			buildSettings = {
				ALWAYS_SEARCH_USER_PATHS = NO;
				CLANG_CXX_LANGUAGE_STANDARD = "gnu++0x";
				CLANG_CXX_LIBRARY = "libc++";
				CLANG_ENABLE_MODULES = YES;
				CLANG_ENABLE_OBJC_ARC = YES;
				CLANG_WARN_BOOL_CONVERSION = YES;
				CLANG_WARN_CONSTANT_CONVERSION = YES;
				CLANG_WARN_DIRECT_OBJC_ISA_USAGE = YES_ERROR;
				CLANG_WARN_EMPTY_BODY = YES;
				CLANG_WARN_ENUM_CONVERSION = YES;
				CLANG_WARN_INT_CONVERSION = YES;
				CLANG_WARN_OBJC_ROOT_CLASS = YES_ERROR;
				CLANG_WARN_UNREACHABLE_CODE = YES;
				CLANG_WARN__DUPLICATE_METHOD_MATCH = YES;
				"CODE_SIGN_IDENTITY[sdk=iphoneos*]" = "iPhone Developer";
				COPY_PHASE_STRIP = NO;
				DEBUG_INFORMATION_FORMAT = dwarf;
				ENABLE_STRICT_OBJC_MSGSEND = YES;
				ENABLE_TESTABILITY = YES;
				GCC_C_LANGUAGE_STANDARD = gnu99;
				GCC_DYNAMIC_NO_PIC = NO;
				GCC_NO_COMMON_BLOCKS = YES;
				GCC_OPTIMIZATION_LEVEL = 0;
				GCC_PREPROCESSOR_DEFINITIONS = (
					"DEBUG=1",
					"$(inherited)",
				);
				GCC_WARN_64_TO_32_BIT_CONVERSION = YES;
				GCC_WARN_ABOUT_RETURN_TYPE = YES_ERROR;
				GCC_WARN_UNDECLARED_SELECTOR = YES;
				GCC_WARN_UNINITIALIZED_AUTOS = YES_AGGRESSIVE;
				GCC_WARN_UNUSED_FUNCTION = YES;
				GCC_WARN_UNUSED_VARIABLE = YES;
				IPHONEOS_DEPLOYMENT_TARGET = 9.2;
				MTL_ENABLE_DEBUG_INFO = YES;
				ONLY_ACTIVE_ARCH = YES;
				SDKROOT = iphoneos;
				SWIFT_OPTIMIZATION_LEVEL = "-Onone";
				TARGETED_DEVICE_FAMILY = "1,2";
			};
			name = Debug;
		};
		98B908221D378E2700878F20 /* Release */ = {
			isa = XCBuildConfiguration;
			buildSettings = {
				ALWAYS_SEARCH_USER_PATHS = NO;
				CLANG_CXX_LANGUAGE_STANDARD = "gnu++0x";
				CLANG_CXX_LIBRARY = "libc++";
				CLANG_ENABLE_MODULES = YES;
				CLANG_ENABLE_OBJC_ARC = YES;
				CLANG_WARN_BOOL_CONVERSION = YES;
				CLANG_WARN_CONSTANT_CONVERSION = YES;
				CLANG_WARN_DIRECT_OBJC_ISA_USAGE = YES_ERROR;
				CLANG_WARN_EMPTY_BODY = YES;
				CLANG_WARN_ENUM_CONVERSION = YES;
				CLANG_WARN_INT_CONVERSION = YES;
				CLANG_WARN_OBJC_ROOT_CLASS = YES_ERROR;
				CLANG_WARN_UNREACHABLE_CODE = YES;
				CLANG_WARN__DUPLICATE_METHOD_MATCH = YES;
				"CODE_SIGN_IDENTITY[sdk=iphoneos*]" = "iPhone Developer";
				COPY_PHASE_STRIP = NO;
				DEBUG_INFORMATION_FORMAT = "dwarf-with-dsym";
				ENABLE_NS_ASSERTIONS = NO;
				ENABLE_STRICT_OBJC_MSGSEND = YES;
				GCC_C_LANGUAGE_STANDARD = gnu99;
				GCC_NO_COMMON_BLOCKS = YES;
				GCC_WARN_64_TO_32_BIT_CONVERSION = YES;
				GCC_WARN_ABOUT_RETURN_TYPE = YES_ERROR;
				GCC_WARN_UNDECLARED_SELECTOR = YES;
				GCC_WARN_UNINITIALIZED_AUTOS = YES_AGGRESSIVE;
				GCC_WARN_UNUSED_FUNCTION = YES;
				GCC_WARN_UNUSED_VARIABLE = YES;
				IPHONEOS_DEPLOYMENT_TARGET = 9.2;
				MTL_ENABLE_DEBUG_INFO = NO;
				SDKROOT = iphoneos;
				TARGETED_DEVICE_FAMILY = "1,2";
				VALIDATE_PRODUCT = YES;
			};
			name = Release;
		};
		98B908241D378E2700878F20 /* Debug */ = {
			isa = XCBuildConfiguration;
			buildSettings = {
				ASSETCATALOG_COMPILER_APPICON_NAME = AppIcon;
				INFOPLIST_FILE = swift12/Info.plist;
				LD_RUNPATH_SEARCH_PATHS = "$(inherited) @executable_path/Frameworks";
				PRODUCT_BUNDLE_IDENTIFIER = AppariTT.swift12;
				PRODUCT_NAME = "$(TARGET_NAME)";
			};
			name = Debug;
		};
		98B908251D378E2700878F20 /* Release */ = {
			isa = XCBuildConfiguration;
			buildSettings = {
				ASSETCATALOG_COMPILER_APPICON_NAME = AppIcon;
				INFOPLIST_FILE = swift12/Info.plist;
				LD_RUNPATH_SEARCH_PATHS = "$(inherited) @executable_path/Frameworks";
				PRODUCT_BUNDLE_IDENTIFIER = AppariTT.swift12;
				PRODUCT_NAME = "$(TARGET_NAME)";
			};
			name = Release;
		};
/* End XCBuildConfiguration section */

/* Begin XCConfigurationList section */
		98B9080C1D378E2700878F20 /* Build configuration list for PBXProject "swift12" */ = {
			isa = XCConfigurationList;
			buildConfigurations = (
				98B908211D378E2700878F20 /* Debug */,
				98B908221D378E2700878F20 /* Release */,
			);
			defaultConfigurationIsVisible = 0;
			defaultConfigurationName = Release;
		};
		98B908231D378E2700878F20 /* Build configuration list for PBXNativeTarget "swift12" */ = {
			isa = XCConfigurationList;
			buildConfigurations = (
				98B908241D378E2700878F20 /* Debug */,
				98B908251D378E2700878F20 /* Release */,
			);
			defaultConfigurationIsVisible = 0;
			defaultConfigurationName = Release;
		};
/* End XCConfigurationList section */
	};
	rootObject = 98B908091D378E2700878F20 /* Project object */;
}
