// !$*UTF8*$!
{
	archiveVersion = 1;
	classes = {
	};
	objectVersion = 46;
	objects = {

/* Begin PBXBuildFile section */
		98C67FCC1D41B130009B0BDC /* AppDelegate.swift in Sources */ = {isa = PBXBuildFile; fileRef = 98C67FCB1D41B130009B0BDC /* AppDelegate.swift */; };
		98C67FCE1D41B130009B0BDC /* ViewController.swift in Sources */ = {isa = PBXBuildFile; fileRef = 98C67FCD1D41B130009B0BDC /* ViewController.swift */; };
		98C67FD11D41B130009B0BDC /* Main.storyboard in Resources */ = {isa = PBXBuildFile; fileRef = 98C67FCF1D41B130009B0BDC /* Main.storyboard */; };
		98C67FD31D41B130009B0BDC /* Assets.xcassets in Resources */ = {isa = PBXBuildFile; fileRef = 98C67FD21D41B130009B0BDC /* Assets.xcassets */; };
		98C67FD61D41B130009B0BDC /* LaunchScreen.storyboard in Resources */ = {isa = PBXBuildFile; fileRef = 98C67FD41D41B130009B0BDC /* LaunchScreen.storyboard */; };
/* End PBXBuildFile section */

/* Begin PBXFileReference section */
		98C67FC81D41B130009B0BDC /* swift19 customPullToRefresh.app */ = {isa = PBXFileReference; explicitFileType = wrapper.application; includeInIndex = 0; path = "swift19 customPullToRefresh.app"; sourceTree = BUILT_PRODUCTS_DIR; };
		98C67FCB1D41B130009B0BDC /* AppDelegate.swift */ = {isa = PBXFileReference; lastKnownFileType = sourcecode.swift; path = AppDelegate.swift; sourceTree = "<group>"; };
		98C67FCD1D41B130009B0BDC /* ViewController.swift */ = {isa = PBXFileReference; lastKnownFileType = sourcecode.swift; path = ViewController.swift; sourceTree = "<group>"; };
		98C67FD01D41B130009B0BDC /* Base */ = {isa = PBXFileReference; lastKnownFileType = file.storyboard; name = Base; path = Base.lproj/Main.storyboard; sourceTree = "<group>"; };
		98C67FD21D41B130009B0BDC /* Assets.xcassets */ = {isa = PBXFileReference; lastKnownFileType = folder.assetcatalog; path = Assets.xcassets; sourceTree = "<group>"; };
		98C67FD51D41B130009B0BDC /* Base */ = {isa = PBXFileReference; lastKnownFileType = file.storyboard; name = Base; path = Base.lproj/LaunchScreen.storyboard; sourceTree = "<group>"; };
		98C67FD71D41B130009B0BDC /* Info.plist */ = {isa = PBXFileReference; lastKnownFileType = text.plist.xml; path = Info.plist; sourceTree = "<group>"; };
/* End PBXFileReference section */

/* Begin PBXFrameworksBuildPhase section */
		98C67FC51D41B130009B0BDC /* Frameworks */ = {
			isa = PBXFrameworksBuildPhase;
			buildActionMask = 2147483647;
			files = (
			);
			runOnlyForDeploymentPostprocessing = 0;
		};
/* End PBXFrameworksBuildPhase section */

/* Begin PBXGroup section */
		98C67FBF1D41B130009B0BDC = {
			isa = PBXGroup;
			children = (
				98C67FCA1D41B130009B0BDC /* swift19 customPullToRefresh */,
				98C67FC91D41B130009B0BDC /* Products */,
			);
			sourceTree = "<group>";
		};
		98C67FC91D41B130009B0BDC /* Products */ = {
			isa = PBXGroup;
			children = (
				98C67FC81D41B130009B0BDC /* swift19 customPullToRefresh.app */,
			);
			name = Products;
			sourceTree = "<group>";
		};
		98C67FCA1D41B130009B0BDC /* swift19 customPullToRefresh */ = {
			isa = PBXGroup;
			children = (
				98C67FCB1D41B130009B0BDC /* AppDelegate.swift */,
				98C67FCD1D41B130009B0BDC /* ViewController.swift */,
				98C67FCF1D41B130009B0BDC /* Main.storyboard */,
				98C67FD21D41B130009B0BDC /* Assets.xcassets */,
				98C67FD41D41B130009B0BDC /* LaunchScreen.storyboard */,
				98C67FD71D41B130009B0BDC /* Info.plist */,
			);
			path = "swift19 customPullToRefresh";
			sourceTree = "<group>";
		};
/* End PBXGroup section */

/* Begin PBXNativeTarget section */
		98C67FC71D41B130009B0BDC /* swift19 customPullToRefresh */ = {
			isa = PBXNativeTarget;
			buildConfigurationList = 98C67FDA1D41B130009B0BDC /* Build configuration list for PBXNativeTarget "swift19 customPullToRefresh" */;
			buildPhases = (
				98C67FC41D41B130009B0BDC /* Sources */,
				98C67FC51D41B130009B0BDC /* Frameworks */,
				98C67FC61D41B130009B0BDC /* Resources */,
			);
			buildRules = (
			);
			dependencies = (
			);
			name = "swift19 customPullToRefresh";
			productName = "swift19 customPullToRefresh";
			productReference = 98C67FC81D41B130009B0BDC /* swift19 customPullToRefresh.app */;
			productType = "com.apple.product-type.application";
		};
/* End PBXNativeTarget section */

/* Begin PBXProject section */
		98C67FC01D41B130009B0BDC /* Project object */ = {
			isa = PBXProject;
			attributes = {
				LastSwiftUpdateCheck = 0720;
				LastUpgradeCheck = 0720;
				ORGANIZATIONNAME = Aaron;
				TargetAttributes = {
					98C67FC71D41B130009B0BDC = {
						CreatedOnToolsVersion = 7.2;
					};
				};
			};
			buildConfigurationList = 98C67FC31D41B130009B0BDC /* Build configuration list for PBXProject "swift19 customPullToRefresh" */;
			compatibilityVersion = "Xcode 3.2";
			developmentRegion = English;
			hasScannedForEncodings = 0;
			knownRegions = (
				en,
				Base,
			);
			mainGroup = 98C67FBF1D41B130009B0BDC;
			productRefGroup = 98C67FC91D41B130009B0BDC /* Products */;
			projectDirPath = "";
			projectRoot = "";
			targets = (
				98C67FC71D41B130009B0BDC /* swift19 customPullToRefresh */,
			);
		};
/* End PBXProject section */

/* Begin PBXResourcesBuildPhase section */
		98C67FC61D41B130009B0BDC /* Resources */ = {
			isa = PBXResourcesBuildPhase;
			buildActionMask = 2147483647;
			files = (
				98C67FD61D41B130009B0BDC /* LaunchScreen.storyboard in Resources */,
				98C67FD31D41B130009B0BDC /* Assets.xcassets in Resources */,
				98C67FD11D41B130009B0BDC /* Main.storyboard in Resources */,
			);
			runOnlyForDeploymentPostprocessing = 0;
		};
/* End PBXResourcesBuildPhase section */

/* Begin PBXSourcesBuildPhase section */
		98C67FC41D41B130009B0BDC /* Sources */ = {
			isa = PBXSourcesBuildPhase;
			buildActionMask = 2147483647;
			files = (
				98C67FCE1D41B130009B0BDC /* ViewController.swift in Sources */,
				98C67FCC1D41B130009B0BDC /* AppDelegate.swift in Sources */,
			);
			runOnlyForDeploymentPostprocessing = 0;
		};
/* End PBXSourcesBuildPhase section */

/* Begin PBXVariantGroup section */
		98C67FCF1D41B130009B0BDC /* Main.storyboard */ = {
			isa = PBXVariantGroup;
			children = (
				98C67FD01D41B130009B0BDC /* Base */,
			);
			name = Main.storyboard;
			sourceTree = "<group>";
		};
		98C67FD41D41B130009B0BDC /* LaunchScreen.storyboard */ = {
			isa = PBXVariantGroup;
			children = (
				98C67FD51D41B130009B0BDC /* Base */,
			);
			name = LaunchScreen.storyboard;
			sourceTree = "<group>";
		};
/* End PBXVariantGroup section */

/* Begin XCBuildConfiguration section */
		98C67FD81D41B130009B0BDC /* Debug */ = {
			isa = XCBuildConfiguration;
			buildSettings = {
				ALWAYS_SEARCH_USER_PATHS = NO;
				CLANG_CXX_LANGUAGE_STANDARD = "gnu++0x";
				CLANG_CXX_LIBRARY = "libc++";
				CLANG_ENABLE_MODULES = YES;
				CLANG_ENABLE_OBJC_ARC = YES;
				CLANG_WARN_BOOL_CONVERSION = YES;
				CLANG_WARN_CONSTANT_CONVERSION = YES;
				CLANG_WARN_DIRECT_OBJC_ISA_USAGE = YES_ERROR;
				CLANG_WARN_EMPTY_BODY = YES;
				CLANG_WARN_ENUM_CONVERSION = YES;
				CLANG_WARN_INT_CONVERSION = YES;
				CLANG_WARN_OBJC_ROOT_CLASS = YES_ERROR;
				CLANG_WARN_UNREACHABLE_CODE = YES;
				CLANG_WARN__DUPLICATE_METHOD_MATCH = YES;
				"CODE_SIGN_IDENTITY[sdk=iphoneos*]" = "iPhone Developer";
				COPY_PHASE_STRIP = NO;
				DEBUG_INFORMATION_FORMAT = dwarf;
				ENABLE_STRICT_OBJC_MSGSEND = YES;
				ENABLE_TESTABILITY = YES;
				GCC_C_LANGUAGE_STANDARD = gnu99;
				GCC_DYNAMIC_NO_PIC = NO;
				GCC_NO_COMMON_BLOCKS = YES;
				GCC_OPTIMIZATION_LEVEL = 0;
				GCC_PREPROCESSOR_DEFINITIONS = (
					"DEBUG=1",
					"$(inherited)",
				);
				GCC_WARN_64_TO_32_BIT_CONVERSION = YES;
				GCC_WARN_ABOUT_RETURN_TYPE = YES_ERROR;
				GCC_WARN_UNDECLARED_SELECTOR = YES;
				GCC_WARN_UNINITIALIZED_AUTOS = YES_AGGRESSIVE;
				GCC_WARN_UNUSED_FUNCTION = YES;
				GCC_WARN_UNUSED_VARIABLE = YES;
				IPHONEOS_DEPLOYMENT_TARGET = 9.2;
				MTL_ENABLE_DEBUG_INFO = YES;
				ONLY_ACTIVE_ARCH = YES;
				SDKROOT = iphoneos;
				SWIFT_OPTIMIZATION_LEVEL = "-Onone";
				TARGETED_DEVICE_FAMILY = "1,2";
			};
			name = Debug;
		};
		98C67FD91D41B130009B0BDC /* Release */ = {
			isa = XCBuildConfiguration;
			buildSettings = {
				ALWAYS_SEARCH_USER_PATHS = NO;
				CLANG_CXX_LANGUAGE_STANDARD = "gnu++0x";
				CLANG_CXX_LIBRARY = "libc++";
				CLANG_ENABLE_MODULES = YES;
				CLANG_ENABLE_OBJC_ARC = YES;
				CLANG_WARN_BOOL_CONVERSION = YES;
				CLANG_WARN_CONSTANT_CONVERSION = YES;
				CLANG_WARN_DIRECT_OBJC_ISA_USAGE = YES_ERROR;
				CLANG_WARN_EMPTY_BODY = YES;
				CLANG_WARN_ENUM_CONVERSION = YES;
				CLANG_WARN_INT_CONVERSION = YES;
				CLANG_WARN_OBJC_ROOT_CLASS = YES_ERROR;
				CLANG_WARN_UNREACHABLE_CODE = YES;
				CLANG_WARN__DUPLICATE_METHOD_MATCH = YES;
				"CODE_SIGN_IDENTITY[sdk=iphoneos*]" = "iPhone Developer";
				COPY_PHASE_STRIP = NO;
				DEBUG_INFORMATION_FORMAT = "dwarf-with-dsym";
				ENABLE_NS_ASSERTIONS = NO;
				ENABLE_STRICT_OBJC_MSGSEND = YES;
				GCC_C_LANGUAGE_STANDARD = gnu99;
				GCC_NO_COMMON_BLOCKS = YES;
				GCC_WARN_64_TO_32_BIT_CONVERSION = YES;
				GCC_WARN_ABOUT_RETURN_TYPE = YES_ERROR;
				GCC_WARN_UNDECLARED_SELECTOR = YES;
				GCC_WARN_UNINITIALIZED_AUTOS = YES_AGGRESSIVE;
				GCC_WARN_UNUSED_FUNCTION = YES;
				GCC_WARN_UNUSED_VARIABLE = YES;
				IPHONEOS_DEPLOYMENT_TARGET = 9.2;
				MTL_ENABLE_DEBUG_INFO = NO;
				SDKROOT = iphoneos;
				TARGETED_DEVICE_FAMILY = "1,2";
				VALIDATE_PRODUCT = YES;
			};
			name = Release;
		};
		98C67FDB1D41B130009B0BDC /* Debug */ = {
			isa = XCBuildConfiguration;
			buildSettings = {
				ASSETCATALOG_COMPILER_APPICON_NAME = AppIcon;
				INFOPLIST_FILE = "swift19 customPullToRefresh/Info.plist";
				LD_RUNPATH_SEARCH_PATHS = "$(inherited) @executable_path/Frameworks";
				PRODUCT_BUNDLE_IDENTIFIER = "AppariTT.swift19-customPullToRefresh";
				PRODUCT_NAME = "$(TARGET_NAME)";
			};
			name = Debug;
		};
		98C67FDC1D41B130009B0BDC /* Release */ = {
			isa = XCBuildConfiguration;
			buildSettings = {
				ASSETCATALOG_COMPILER_APPICON_NAME = AppIcon;
				INFOPLIST_FILE = "swift19 customPullToRefresh/Info.plist";
				LD_RUNPATH_SEARCH_PATHS = "$(inherited) @executable_path/Frameworks";
				PRODUCT_BUNDLE_IDENTIFIER = "AppariTT.swift19-customPullToRefresh";
				PRODUCT_NAME = "$(TARGET_NAME)";
			};
			name = Release;
		};
/* End XCBuildConfiguration section */

/* Begin XCConfigurationList section */
		98C67FC31D41B130009B0BDC /* Build configuration list for PBXProject "swift19 customPullToRefresh" */ = {
			isa = XCConfigurationList;
			buildConfigurations = (
				98C67FD81D41B130009B0BDC /* Debug */,
				98C67FD91D41B130009B0BDC /* Release */,
			);
			defaultConfigurationIsVisible = 0;
			defaultConfigurationName = Release;
		};
		98C67FDA1D41B130009B0BDC /* Build configuration list for PBXNativeTarget "swift19 customPullToRefresh" */ = {
			isa = XCConfigurationList;
			buildConfigurations = (
				98C67FDB1D41B130009B0BDC /* Debug */,
				98C67FDC1D41B130009B0BDC /* Release */,
			);
			defaultConfigurationIsVisible = 0;
		};
/* End XCConfigurationList section */
	};
	rootObject = 98C67FC01D41B130009B0BDC /* Project object */;
}
